// !$*UTF8*$!
{
	archiveVersion = 1;
	classes = {
	};
	objectVersion = 56;
	objects = {

/* Begin PBXBuildFile section */
		A10001 /* BWChatApp.swift in Sources */ = {isa = PBXBuildFile; fileRef = B10001; };
		A10002 /* User.swift in Sources */ = {isa = PBXBuildFile; fileRef = B10002; };
		A10003 /* Message.swift in Sources */ = {isa = PBXBuildFile; fileRef = B10003; };
		A10004 /* Contact.swift in Sources */ = {isa = PBXBuildFile; fileRef = B10004; };
		A10005 /* AuthViewModel.swift in Sources */ = {isa = PBXBuildFile; fileRef = B10005; };
		A10006 /* ChatViewModel.swift in Sources */ = {isa = PBXBuildFile; fileRef = B10006; };
		A10007 /* ContactsViewModel.swift in Sources */ = {isa = PBXBuildFile; fileRef = B10007; };
		A10008 /* SplashScreen.swift in Sources */ = {isa = PBXBuildFile; fileRef = B10008; };
		A10009 /* LoginView.swift in Sources */ = {isa = PBXBuildFile; fileRef = B10009; };
		A10010 /* ContactListView.swift in Sources */ = {isa = PBXBuildFile; fileRef = B10010; };
		A10011 /* ChatView.swift in Sources */ = {isa = PBXBuildFile; fileRef = B10011; };
		A10012 /* MessageBubble.swift in Sources */ = {isa = PBXBuildFile; fileRef = B10012; };
		A10013 /* ImagePreviewView.swift in Sources */ = {isa = PBXBuildFile; fileRef = B10013; };
		A10014 /* APIService.swift in Sources */ = {isa = PBXBuildFile; fileRef = B10014; };
		A10015 /* WebSocketService.swift in Sources */ = {isa = PBXBuildFile; fileRef = B10015; };
		A10016 /* PushService.swift in Sources */ = {isa = PBXBuildFile; fileRef = B10016; };
		A10017 /* AuthManager.swift in Sources */ = {isa = PBXBuildFile; fileRef = B10017; };
		A10018 /* ImageCacheManager.swift in Sources */ = {isa = PBXBuildFile; fileRef = B10018; };
		A10019 /* AvatarView.swift in Sources */ = {isa = PBXBuildFile; fileRef = B10019; };
		A10020 /* LoadingView.swift in Sources */ = {isa = PBXBuildFile; fileRef = B10020; };
		A10021 /* ToastView.swift in Sources */ = {isa = PBXBuildFile; fileRef = B10021; };
		A10022 /* Constants.swift in Sources */ = {isa = PBXBuildFile; fileRef = B10022; };
		A10023 /* Extensions.swift in Sources */ = {isa = PBXBuildFile; fileRef = B10023; };
		A10024 /* KeychainHelper.swift in Sources */ = {isa = PBXBuildFile; fileRef = B10024; };
		A10025 /* Assets.xcassets in Resources */ = {isa = PBXBuildFile; fileRef = B10025; };
		A10030 /* NotificationService.swift in Sources */ = {isa = PBXBuildFile; fileRef = B10030; };
		A10040 /* Group.swift in Sources */ = {isa = PBXBuildFile; fileRef = B10040; };
		A10041 /* FriendRequest.swift in Sources */ = {isa = PBXBuildFile; fileRef = B10041; };
		A10042 /* FriendsViewModel.swift in Sources */ = {isa = PBXBuildFile; fileRef = B10042; };
		A10043 /* GroupsViewModel.swift in Sources */ = {isa = PBXBuildFile; fileRef = B10043; };
		A10044 /* GroupChatViewModel.swift in Sources */ = {isa = PBXBuildFile; fileRef = B10044; };
		A10045 /* AddFriendView.swift in Sources */ = {isa = PBXBuildFile; fileRef = B10045; };
		A10046 /* FriendRequestsView.swift in Sources */ = {isa = PBXBuildFile; fileRef = B10046; };
		A10047 /* CreateGroupView.swift in Sources */ = {isa = PBXBuildFile; fileRef = B10047; };
		A10048 /* GroupChatView.swift in Sources */ = {isa = PBXBuildFile; fileRef = B10048; };
		A10049 /* MainTabView.swift in Sources */ = {isa = PBXBuildFile; fileRef = B10049; };
		A10050 /* VideoPlayerView.swift in Sources */ = {isa = PBXBuildFile; fileRef = B10050; };
		A10060 /* VideoThumbnailView.swift in Sources */ = {isa = PBXBuildFile; fileRef = B10060; };
		A10061 /* AddGroupMembersView.swift in Sources */ = {isa = PBXBuildFile; fileRef = B10061; };
		A10062 /* GroupDetailView.swift in Sources */ = {isa = PBXBuildFile; fileRef = B10062; };
		A10070 /* ProfileView.swift in Sources */ = {isa = PBXBuildFile; fileRef = B10070; };
		A10071 /* EditProfileView.swift in Sources */ = {isa = PBXBuildFile; fileRef = B10071; };
		A10072 /* ProfileViewModel.swift in Sources */ = {isa = PBXBuildFile; fileRef = B10072; };
		A10073 /* UserCacheManager.swift in Sources */ = {isa = PBXBuildFile; fileRef = B10073; };
		A10080 /* MediaPickerPreview.swift in Sources */ = {isa = PBXBuildFile; fileRef = B10080; };
		A10090 /* Call.swift in Sources */ = {isa = PBXBuildFile; fileRef = B10090; };
		A10091 /* CallManager.swift in Sources */ = {isa = PBXBuildFile; fileRef = B10091; };
		A10092 /* CallView.swift in Sources */ = {isa = PBXBuildFile; fileRef = B10092; };
		A10093 /* MentionPickerView.swift in Sources */ = {isa = PBXBuildFile; fileRef = B10093; };
		A10094 /* ReplyPreviewBar.swift in Sources */ = {isa = PBXBuildFile; fileRef = B10094; };
		A10095 /* BWChatNotificationService.appex in Embed App Extensions */ = {isa = PBXBuildFile; fileRef = PR10002; settings = {ATTRIBUTES = (CodeSignOnCopy, RemoveHeadersOnCopy, ); }; };
		A10096 /* GroupCallView.swift in Sources */ = {isa = PBXBuildFile; fileRef = B10096; };
		A10097 /* LiveKitSDK in Frameworks */ = {isa = PBXBuildFile; productRef = PKG10001; };
		A10100 /* Conversation.swift in Sources */ = {isa = PBXBuildFile; fileRef = B10100; };
		A10101 /* Moment.swift in Sources */ = {isa = PBXBuildFile; fileRef = B10101; };
		A10102 /* ConversationListViewModel.swift in Sources */ = {isa = PBXBuildFile; fileRef = B10102; };
		A10103 /* MomentsViewModel.swift in Sources */ = {isa = PBXBuildFile; fileRef = B10103; };
		A10104 /* MomentsView.swift in Sources */ = {isa = PBXBuildFile; fileRef = B10104; };
		A10105 /* CreateMomentView.swift in Sources */ = {isa = PBXBuildFile; fileRef = B10105; };
		A10106 /* DiscoverView.swift in Sources */ = {isa = PBXBuildFile; fileRef = B10106; };
		A10107 /* MessageStore.swift in Sources */ = {isa = PBXBuildFile; fileRef = B10107; };
		A10108 /* libsqlite3.tbd in Frameworks */ = {isa = PBXBuildFile; fileRef = B10108; };
		A10109 /* MediaLibrarySaver.swift in Sources */ = {isa = PBXBuildFile; fileRef = B10109; };
/* End PBXBuildFile section */

/* Begin PBXContainerItemProxy section */
		C10001 /* PBXContainerItemProxy */ = {
			isa = PBXContainerItemProxy;
			containerPortal = P10001;
			proxyType = 1;
			remoteGlobalIDString = T10002;
			remoteInfo = BWChatNotificationService;
		};
/* End PBXContainerItemProxy section */

/* Begin PBXCopyFilesBuildPhase section */
		CP10001 /* Embed App Extensions */ = {
			isa = PBXCopyFilesBuildPhase;
			buildActionMask = 2147483647;
			dstPath = "";
			dstSubfolderSpec = 13;
			files = (
				A10095 /* BWChatNotificationService.appex in Embed App Extensions */,
			);
			name = "Embed App Extensions";
			runOnlyForDeploymentPostprocessing = 0;
		};
/* End PBXCopyFilesBuildPhase section */

/* Begin PBXFileReference section */
		B10001 /* BWChatApp.swift */ = {isa = PBXFileReference; lastKnownFileType = sourcecode.swift; path = BWChatApp.swift; sourceTree = "<group>"; };
		B10002 /* User.swift */ = {isa = PBXFileReference; lastKnownFileType = sourcecode.swift; path = User.swift; sourceTree = "<group>"; };
		B10003 /* Message.swift */ = {isa = PBXFileReference; lastKnownFileType = sourcecode.swift; path = Message.swift; sourceTree = "<group>"; };
		B10004 /* Contact.swift */ = {isa = PBXFileReference; lastKnownFileType = sourcecode.swift; path = Contact.swift; sourceTree = "<group>"; };
		B10005 /* AuthViewModel.swift */ = {isa = PBXFileReference; lastKnownFileType = sourcecode.swift; path = AuthViewModel.swift; sourceTree = "<group>"; };
		B10006 /* ChatViewModel.swift */ = {isa = PBXFileReference; lastKnownFileType = sourcecode.swift; path = ChatViewModel.swift; sourceTree = "<group>"; };
		B10007 /* ContactsViewModel.swift */ = {isa = PBXFileReference; lastKnownFileType = sourcecode.swift; path = ContactsViewModel.swift; sourceTree = "<group>"; };
		B10008 /* SplashScreen.swift */ = {isa = PBXFileReference; lastKnownFileType = sourcecode.swift; path = SplashScreen.swift; sourceTree = "<group>"; };
		B10009 /* LoginView.swift */ = {isa = PBXFileReference; lastKnownFileType = sourcecode.swift; path = LoginView.swift; sourceTree = "<group>"; };
		B10010 /* ContactListView.swift */ = {isa = PBXFileReference; lastKnownFileType = sourcecode.swift; path = ContactListView.swift; sourceTree = "<group>"; };
		B10011 /* ChatView.swift */ = {isa = PBXFileReference; lastKnownFileType = sourcecode.swift; path = ChatView.swift; sourceTree = "<group>"; };
		B10012 /* MessageBubble.swift */ = {isa = PBXFileReference; lastKnownFileType = sourcecode.swift; path = MessageBubble.swift; sourceTree = "<group>"; };
		B10013 /* ImagePreviewView.swift */ = {isa = PBXFileReference; lastKnownFileType = sourcecode.swift; path = ImagePreviewView.swift; sourceTree = "<group>"; };
		B10014 /* APIService.swift */ = {isa = PBXFileReference; lastKnownFileType = sourcecode.swift; path = APIService.swift; sourceTree = "<group>"; };
		B10015 /* WebSocketService.swift */ = {isa = PBXFileReference; lastKnownFileType = sourcecode.swift; path = WebSocketService.swift; sourceTree = "<group>"; };
		B10016 /* PushService.swift */ = {isa = PBXFileReference; lastKnownFileType = sourcecode.swift; path = PushService.swift; sourceTree = "<group>"; };
		B10017 /* AuthManager.swift */ = {isa = PBXFileReference; lastKnownFileType = sourcecode.swift; path = AuthManager.swift; sourceTree = "<group>"; };
		B10018 /* ImageCacheManager.swift */ = {isa = PBXFileReference; lastKnownFileType = sourcecode.swift; path = ImageCacheManager.swift; sourceTree = "<group>"; };
		B10019 /* AvatarView.swift */ = {isa = PBXFileReference; lastKnownFileType = sourcecode.swift; path = AvatarView.swift; sourceTree = "<group>"; };
		B10020 /* LoadingView.swift */ = {isa = PBXFileReference; lastKnownFileType = sourcecode.swift; path = LoadingView.swift; sourceTree = "<group>"; };
		B10021 /* ToastView.swift */ = {isa = PBXFileReference; lastKnownFileType = sourcecode.swift; path = ToastView.swift; sourceTree = "<group>"; };
		B10060 /* VideoThumbnailView.swift */ = {isa = PBXFileReference; lastKnownFileType = sourcecode.swift; path = VideoThumbnailView.swift; sourceTree = "<group>"; };
		B10022 /* Constants.swift */ = {isa = PBXFileReference; lastKnownFileType = sourcecode.swift; path = Constants.swift; sourceTree = "<group>"; };
		B10023 /* Extensions.swift */ = {isa = PBXFileReference; lastKnownFileType = sourcecode.swift; path = Extensions.swift; sourceTree = "<group>"; };
		B10024 /* KeychainHelper.swift */ = {isa = PBXFileReference; lastKnownFileType = sourcecode.swift; path = KeychainHelper.swift; sourceTree = "<group>"; };
		B10025 /* Assets.xcassets */ = {isa = PBXFileReference; lastKnownFileType = folder.assetcatalog; path = Assets.xcassets; sourceTree = "<group>"; };
		B10026 /* Info.plist */ = {isa = PBXFileReference; lastKnownFileType = text.plist.xml; path = Info.plist; sourceTree = "<group>"; };
		B10027 /* BWChat.entitlements */ = {isa = PBXFileReference; lastKnownFileType = text.plist.entitlements; path = BWChat.entitlements; sourceTree = "<group>"; };
		B10030 /* NotificationService.swift */ = {isa = PBXFileReference; lastKnownFileType = sourcecode.swift; path = NotificationService.swift; sourceTree = "<group>"; };
		B10031 /* Info.plist */ = {isa = PBXFileReference; lastKnownFileType = text.plist.xml; path = Info.plist; sourceTree = "<group>"; };
		B10032 /* BWChatNotificationService.entitlements */ = {isa = PBXFileReference; lastKnownFileType = text.plist.entitlements; path = BWChatNotificationService.entitlements; sourceTree = "<group>"; };
		B10040 /* Group.swift */ = {isa = PBXFileReference; lastKnownFileType = sourcecode.swift; path = Group.swift; sourceTree = "<group>"; };
		B10041 /* FriendRequest.swift */ = {isa = PBXFileReference; lastKnownFileType = sourcecode.swift; path = FriendRequest.swift; sourceTree = "<group>"; };
		B10042 /* FriendsViewModel.swift */ = {isa = PBXFileReference; lastKnownFileType = sourcecode.swift; path = FriendsViewModel.swift; sourceTree = "<group>"; };
		B10043 /* GroupsViewModel.swift */ = {isa = PBXFileReference; lastKnownFileType = sourcecode.swift; path = GroupsViewModel.swift; sourceTree = "<group>"; };
		B10044 /* GroupChatViewModel.swift */ = {isa = PBXFileReference; lastKnownFileType = sourcecode.swift; path = GroupChatViewModel.swift; sourceTree = "<group>"; };
		B10045 /* AddFriendView.swift */ = {isa = PBXFileReference; lastKnownFileType = sourcecode.swift; path = AddFriendView.swift; sourceTree = "<group>"; };
		B10046 /* FriendRequestsView.swift */ = {isa = PBXFileReference; lastKnownFileType = sourcecode.swift; path = FriendRequestsView.swift; sourceTree = "<group>"; };
		B10047 /* CreateGroupView.swift */ = {isa = PBXFileReference; lastKnownFileType = sourcecode.swift; path = CreateGroupView.swift; sourceTree = "<group>"; };
		B10048 /* GroupChatView.swift */ = {isa = PBXFileReference; lastKnownFileType = sourcecode.swift; path = GroupChatView.swift; sourceTree = "<group>"; };
		B10061 /* AddGroupMembersView.swift */ = {isa = PBXFileReference; lastKnownFileType = sourcecode.swift; path = AddGroupMembersView.swift; sourceTree = "<group>"; };
		B10062 /* GroupDetailView.swift */ = {isa = PBXFileReference; lastKnownFileType = sourcecode.swift; path = GroupDetailView.swift; sourceTree = "<group>"; };
		B10070 /* ProfileView.swift */ = {isa = PBXFileReference; lastKnownFileType = sourcecode.swift; path = ProfileView.swift; sourceTree = "<group>"; };
		B10071 /* EditProfileView.swift */ = {isa = PBXFileReference; lastKnownFileType = sourcecode.swift; path = EditProfileView.swift; sourceTree = "<group>"; };
		B10072 /* ProfileViewModel.swift */ = {isa = PBXFileReference; lastKnownFileType = sourcecode.swift; path = ProfileViewModel.swift; sourceTree = "<group>"; };
		B10073 /* UserCacheManager.swift */ = {isa = PBXFileReference; lastKnownFileType = sourcecode.swift; path = UserCacheManager.swift; sourceTree = "<group>"; };
		B10080 /* MediaPickerPreview.swift */ = {isa = PBXFileReference; lastKnownFileType = sourcecode.swift; path = MediaPickerPreview.swift; sourceTree = "<group>"; };
		B10049 /* MainTabView.swift */ = {isa = PBXFileReference; lastKnownFileType = sourcecode.swift; path = MainTabView.swift; sourceTree = "<group>"; };
		B10050 /* VideoPlayerView.swift */ = {isa = PBXFileReference; lastKnownFileType = sourcecode.swift; path = VideoPlayerView.swift; sourceTree = "<group>"; };
		B10090 /* Call.swift */ = {isa = PBXFileReference; lastKnownFileType = sourcecode.swift; path = Call.swift; sourceTree = "<group>"; };
		B10091 /* CallManager.swift */ = {isa = PBXFileReference; lastKnownFileType = sourcecode.swift; path = CallManager.swift; sourceTree = "<group>"; };
		B10092 /* CallView.swift */ = {isa = PBXFileReference; lastKnownFileType = sourcecode.swift; path = CallView.swift; sourceTree = "<group>"; };
		B10096 /* GroupCallView.swift */ = {isa = PBXFileReference; lastKnownFileType = sourcecode.swift; path = GroupCallView.swift; sourceTree = "<group>"; };
		B10093 /* MentionPickerView.swift */ = {isa = PBXFileReference; lastKnownFileType = sourcecode.swift; path = MentionPickerView.swift; sourceTree = "<group>"; };
		B10094 /* ReplyPreviewBar.swift */ = {isa = PBXFileReference; lastKnownFileType = sourcecode.swift; path = ReplyPreviewBar.swift; sourceTree = "<group>"; };
		B10100 /* Conversation.swift */ = {isa = PBXFileReference; lastKnownFileType = sourcecode.swift; path = Conversation.swift; sourceTree = "<group>"; };
		B10101 /* Moment.swift */ = {isa = PBXFileReference; lastKnownFileType = sourcecode.swift; path = Moment.swift; sourceTree = "<group>"; };
		B10102 /* ConversationListViewModel.swift */ = {isa = PBXFileReference; lastKnownFileType = sourcecode.swift; path = ConversationListViewModel.swift; sourceTree = "<group>"; };
		B10103 /* MomentsViewModel.swift */ = {isa = PBXFileReference; lastKnownFileType = sourcecode.swift; path = MomentsViewModel.swift; sourceTree = "<group>"; };
		B10104 /* MomentsView.swift */ = {isa = PBXFileReference; lastKnownFileType = sourcecode.swift; path = MomentsView.swift; sourceTree = "<group>"; };
		B10105 /* CreateMomentView.swift */ = {isa = PBXFileReference; lastKnownFileType = sourcecode.swift; path = CreateMomentView.swift; sourceTree = "<group>"; };
		B10106 /* DiscoverView.swift */ = {isa = PBXFileReference; lastKnownFileType = sourcecode.swift; path = DiscoverView.swift; sourceTree = "<group>"; };
		PR10001 /* BWChat.app */ = {isa = PBXFileReference; explicitFileType = wrapper.application; includeInIndex = 0; path = BWChat.app; sourceTree = BUILT_PRODUCTS_DIR; };
		PR10002 /* BWChatNotificationService.appex */ = {isa = PBXFileReference; explicitFileType = "wrapper.app-extension"; includeInIndex = 0; path = BWChatNotificationService.appex; sourceTree = BUILT_PRODUCTS_DIR; };
		B10107 /* MessageStore.swift */ = {isa = PBXFileReference; lastKnownFileType = sourcecode.swift; path = MessageStore.swift; sourceTree = "<group>"; };
		B10108 /* libsqlite3.tbd */ = {isa = PBXFileReference; lastKnownFileType = "sourcecode.text-based-dylib-definition"; name = libsqlite3.tbd; path = usr/lib/libsqlite3.tbd; sourceTree = SDKROOT; };
		B10109 /* MediaLibrarySaver.swift */ = {isa = PBXFileReference; lastKnownFileType = sourcecode.swift; path = MediaLibrarySaver.swift; sourceTree = "<group>"; };
/* End PBXFileReference section */

/* Begin PBXFrameworksBuildPhase section */
		F10001 /* Frameworks */ = {
			isa = PBXFrameworksBuildPhase;
			buildActionMask = 2147483647;
			files = (
				A10097 /* LiveKitSDK in Frameworks */,
				A10108 /* libsqlite3.tbd in Frameworks */,
			);
			runOnlyForDeploymentPostprocessing = 0;
		};
		F10002 /* Frameworks */ = {
			isa = PBXFrameworksBuildPhase;
			buildActionMask = 2147483647;
			files = (
			);
			runOnlyForDeploymentPostprocessing = 0;
		};
/* End PBXFrameworksBuildPhase section */

/* Begin PBXGroup section */
		G10000 = {
			isa = PBXGroup;
			children = (
				G10001 /* BWChat */,
				G10009 /* BWChatNotificationService */,
				G10010 /* Products */,
				B10108 /* libsqlite3.tbd */,
			);
			sourceTree = "<group>";
		};
		G10001 /* BWChat */ = {
			isa = PBXGroup;
			children = (
				B10001 /* BWChatApp.swift */,
				B10026 /* Info.plist */,
				B10027 /* BWChat.entitlements */,
				B10025 /* Assets.xcassets */,
				G10002 /* Models */,
				G10003 /* ViewModels */,
				G10004 /* Views */,
				G10005 /* Services */,
				G10006 /* Managers */,
				G10007 /* Components */,
				G10008 /* Utils */,
			);
			path = BWChat;
			sourceTree = "<group>";
		};
		G10002 /* Models */ = {
			isa = PBXGroup;
			children = (
				B10002 /* User.swift */,
				B10003 /* Message.swift */,
				B10004 /* Contact.swift */,
				B10040 /* Group.swift */,
				B10041 /* FriendRequest.swift */,
				B10090 /* Call.swift */,
				B10100 /* Conversation.swift */,
				B10101 /* Moment.swift */,
			);
			path = Models;
			sourceTree = "<group>";
		};
		G10003 /* ViewModels */ = {
			isa = PBXGroup;
			children = (
				B10005 /* AuthViewModel.swift */,
				B10006 /* ChatViewModel.swift */,
				B10007 /* ContactsViewModel.swift */,
				B10042 /* FriendsViewModel.swift */,
				B10043 /* GroupsViewModel.swift */,
				B10044 /* GroupChatViewModel.swift */,
				B10072 /* ProfileViewModel.swift */,
				B10102 /* ConversationListViewModel.swift */,
				B10103 /* MomentsViewModel.swift */,
			);
			path = ViewModels;
			sourceTree = "<group>";
		};
		G10004 /* Views */ = {
			isa = PBXGroup;
			children = (
				B10008 /* SplashScreen.swift */,
				B10009 /* LoginView.swift */,
				B10010 /* ContactListView.swift */,
				B10011 /* ChatView.swift */,
				B10012 /* MessageBubble.swift */,
				B10013 /* ImagePreviewView.swift */,
				B10045 /* AddFriendView.swift */,
				B10046 /* FriendRequestsView.swift */,
				B10047 /* CreateGroupView.swift */,
				B10048 /* GroupChatView.swift */,
				B10061 /* AddGroupMembersView.swift */,
				B10062 /* GroupDetailView.swift */,
				B10049 /* MainTabView.swift */,
				B10050 /* VideoPlayerView.swift */,
				B10070 /* ProfileView.swift */,
				B10071 /* EditProfileView.swift */,
				B10092 /* CallView.swift */,
				B10096 /* GroupCallView.swift */,
				B10104 /* MomentsView.swift */,
				B10105 /* CreateMomentView.swift */,
				B10106 /* DiscoverView.swift */,
			);
			path = Views;
			sourceTree = "<group>";
		};
		G10005 /* Services */ = {
			isa = PBXGroup;
			children = (
				B10014 /* APIService.swift */,
				B10015 /* WebSocketService.swift */,
				B10016 /* PushService.swift */,
				B10107 /* MessageStore.swift */,
				B10109 /* MediaLibrarySaver.swift */,
			);
			path = Services;
			sourceTree = "<group>";
		};
		G10006 /* Managers */ = {
			isa = PBXGroup;
			children = (
				B10017 /* AuthManager.swift */,
				B10018 /* ImageCacheManager.swift */,
				B10073 /* UserCacheManager.swift */,
				B10091 /* CallManager.swift */,
			);
			path = Managers;
			sourceTree = "<group>";
		};
		G10007 /* Components */ = {
			isa = PBXGroup;
			children = (
				B10019 /* AvatarView.swift */,
				B10020 /* LoadingView.swift */,
				B10021 /* ToastView.swift */,
				B10060 /* VideoThumbnailView.swift */,
				B10080 /* MediaPickerPreview.swift */,
				B10093 /* MentionPickerView.swift */,
				B10094 /* ReplyPreviewBar.swift */,
			);
			path = Components;
			sourceTree = "<group>";
		};
		G10008 /* Utils */ = {
			isa = PBXGroup;
			children = (
				B10022 /* Constants.swift */,
				B10023 /* Extensions.swift */,
				B10024 /* KeychainHelper.swift */,
			);
			path = Utils;
			sourceTree = "<group>";
		};
		G10009 /* BWChatNotificationService */ = {
			isa = PBXGroup;
			children = (
				B10030 /* NotificationService.swift */,
				B10031 /* Info.plist */,
				B10032 /* BWChatNotificationService.entitlements */,
			);
			path = BWChatNotificationService;
			sourceTree = "<group>";
		};
		G10010 /* Products */ = {
			isa = PBXGroup;
			children = (
				PR10001 /* BWChat.app */,
				PR10002 /* BWChatNotificationService.appex */,
			);
			name = Products;
			sourceTree = "<group>";
		};
/* End PBXGroup section */

/* Begin PBXNativeTarget section */
		T10001 /* BWChat */ = {
			isa = PBXNativeTarget;
			buildConfigurationList = CL10001;
			buildPhases = (
				S10001 /* Sources */,
				F10001 /* Frameworks */,
				R10001 /* Resources */,
				CP10001 /* Embed App Extensions */,
			);
			buildRules = (
			);
			dependencies = (
				D10001,
			);
			name = BWChat;
			packageProductDependencies = (
				PKG10001 /* LiveKitSDK */,
			);
			productName = BWChat;
			productReference = PR10001;
			productType = "com.apple.product-type.application";
		};
		T10002 /* BWChatNotificationService */ = {
			isa = PBXNativeTarget;
			buildConfigurationList = CL10002;
			buildPhases = (
				S10002 /* Sources */,
				F10002 /* Frameworks */,
			);
			buildRules = (
			);
			dependencies = (
			);
			name = BWChatNotificationService;
			productName = BWChatNotificationService;
			productReference = PR10002;
			productType = "com.apple.product-type.app-extension";
		};
/* End PBXNativeTarget section */

/* Begin PBXProject section */
		P10001 /* Project object */ = {
			isa = PBXProject;
			attributes = {
				BuildIndependentTargetsInParallel = 1;
				LastSwiftUpdateCheck = 1520;
				LastUpgradeCheck = 1520;
				TargetAttributes = {
					T10001 = {
						CreatedOnToolsVersion = 15.2;
					};
					T10002 = {
						CreatedOnToolsVersion = 15.2;
					};
				};
			};
			buildConfigurationList = CL10000;
			compatibilityVersion = "Xcode 14.0";
			developmentRegion = en;
			hasScannedForEncodings = 0;
			knownRegions = (
				en,
				Base,
				"zh-Hans",
			);
			mainGroup = G10000;
			productRefGroup = G10010;
			projectDirPath = "";
			projectRoot = "";
			packageReferences = (
				SPKG10001 /* XCRemoteSwiftPackageReference "client-sdk-swift" */,
			);
			targets = (
				T10001 /* BWChat */,
				T10002 /* BWChatNotificationService */,
			);
		};
/* End PBXProject section */

/* Begin PBXResourcesBuildPhase section */
		R10001 /* Resources */ = {
			isa = PBXResourcesBuildPhase;
			buildActionMask = 2147483647;
			files = (
				A10025 /* Assets.xcassets in Resources */,
			);
			runOnlyForDeploymentPostprocessing = 0;
		};
/* End PBXResourcesBuildPhase section */

/* Begin PBXSourcesBuildPhase section */
		S10001 /* Sources */ = {
			isa = PBXSourcesBuildPhase;
			buildActionMask = 2147483647;
			files = (
				A10001 /* BWChatApp.swift in Sources */,
				A10002 /* User.swift in Sources */,
				A10003 /* Message.swift in Sources */,
				A10107 /* MessageStore.swift in Sources */,
				A10004 /* Contact.swift in Sources */,
				A10005 /* AuthViewModel.swift in Sources */,
				A10006 /* ChatViewModel.swift in Sources */,
				A10007 /* ContactsViewModel.swift in Sources */,
				A10008 /* SplashScreen.swift in Sources */,
				A10009 /* LoginView.swift in Sources */,
				A10010 /* ContactListView.swift in Sources */,
				A10011 /* ChatView.swift in Sources */,
				A10012 /* MessageBubble.swift in Sources */,
				A10013 /* ImagePreviewView.swift in Sources */,
				A10014 /* APIService.swift in Sources */,
				A10015 /* WebSocketService.swift in Sources */,
				A10016 /* PushService.swift in Sources */,
				A10017 /* AuthManager.swift in Sources */,
				A10018 /* ImageCacheManager.swift in Sources */,
				A10073 /* UserCacheManager.swift in Sources */,
				A10019 /* AvatarView.swift in Sources */,
				A10020 /* LoadingView.swift in Sources */,
				A10021 /* ToastView.swift in Sources */,
				A10022 /* Constants.swift in Sources */,
				A10023 /* Extensions.swift in Sources */,
				A10024 /* KeychainHelper.swift in Sources */,
				A10040 /* Group.swift in Sources */,
				A10041 /* FriendRequest.swift in Sources */,
				A10042 /* FriendsViewModel.swift in Sources */,
				A10043 /* GroupsViewModel.swift in Sources */,
				A10044 /* GroupChatViewModel.swift in Sources */,
				A10045 /* AddFriendView.swift in Sources */,
				A10046 /* FriendRequestsView.swift in Sources */,
				A10047 /* CreateGroupView.swift in Sources */,
				A10048 /* GroupChatView.swift in Sources */,
				A10049 /* MainTabView.swift in Sources */,
				A10050 /* VideoPlayerView.swift in Sources */,
				A10060 /* VideoThumbnailView.swift in Sources */,
				A10080 /* MediaPickerPreview.swift in Sources */,
				A10061 /* AddGroupMembersView.swift in Sources */,
				A10062 /* GroupDetailView.swift in Sources */,
				A10070 /* ProfileView.swift in Sources */,
				A10071 /* EditProfileView.swift in Sources */,
				A10072 /* ProfileViewModel.swift in Sources */,
				A10090 /* Call.swift in Sources */,
				A10091 /* CallManager.swift in Sources */,
				A10092 /* CallView.swift in Sources */,
				A10093 /* MentionPickerView.swift in Sources */,
				A10094 /* ReplyPreviewBar.swift in Sources */,
				A10096 /* GroupCallView.swift in Sources */,
				A10100 /* Conversation.swift in Sources */,
				A10101 /* Moment.swift in Sources */,
				A10102 /* ConversationListViewModel.swift in Sources */,
				A10103 /* MomentsViewModel.swift in Sources */,
				A10104 /* MomentsView.swift in Sources */,
				A10105 /* CreateMomentView.swift in Sources */,
				A10106 /* DiscoverView.swift in Sources */,
				A10109 /* MediaLibrarySaver.swift in Sources */,
			);
			runOnlyForDeploymentPostprocessing = 0;
		};
		S10002 /* Sources */ = {
			isa = PBXSourcesBuildPhase;
			buildActionMask = 2147483647;
			files = (
				A10030 /* NotificationService.swift in Sources */,
			);
			runOnlyForDeploymentPostprocessing = 0;
		};
/* End PBXSourcesBuildPhase section */

/* Begin PBXTargetDependency section */
		D10001 /* PBXTargetDependency */ = {
			isa = PBXTargetDependency;
			target = T10002;
			targetProxy = C10001;
		};
/* End PBXTargetDependency section */

/* Begin XCBuildConfiguration section */
		BC10001 /* Debug */ = {
			isa = XCBuildConfiguration;
			buildSettings = {
				ALWAYS_SEARCH_USER_PATHS = NO;
				ASSETCATALOG_COMPILER_GENERATE_SWIFT_ASSET_SYMBOL_EXTENSIONS = YES;
				CLANG_ANALYZER_NONNULL = YES;
				CLANG_CXX_LANGUAGE_STANDARD = "gnu++20";
				CLANG_ENABLE_MODULES = YES;
				CLANG_ENABLE_OBJC_ARC = YES;
				COPY_PHASE_STRIP = NO;
				DEBUG_INFORMATION_FORMAT = dwarf;
				ENABLE_STRICT_OBJC_MSGSEND = YES;
				ENABLE_TESTABILITY = YES;
				ENABLE_USER_SCRIPT_SANDBOXING = YES;
				GCC_C_LANGUAGE_STANDARD = gnu17;
				GCC_DYNAMIC_NO_PIC = NO;
				GCC_OPTIMIZATION_LEVEL = 0;
				GCC_PREPROCESSOR_DEFINITIONS = (
					"DEBUG=1",
					"$(inherited)",
				);
				GCC_WARN_ABOUT_RETURN_TYPE = YES_ERROR;
				GCC_WARN_UNINITIALIZED_AUTOS = YES_AGGRESSIVE;
				IPHONEOS_DEPLOYMENT_TARGET = 16.0;
				MTL_ENABLE_DEBUG_INFO = INCLUDE_SOURCE;
				ONLY_ACTIVE_ARCH = YES;
				SDKROOT = iphoneos;
				SWIFT_ACTIVE_COMPILATION_CONDITIONS = "$(inherited) DEBUG";
				SWIFT_OPTIMIZATION_LEVEL = "-Onone";
			};
			name = Debug;
		};
		BC10002 /* Release */ = {
			isa = XCBuildConfiguration;
			buildSettings = {
				ALWAYS_SEARCH_USER_PATHS = NO;
				ASSETCATALOG_COMPILER_GENERATE_SWIFT_ASSET_SYMBOL_EXTENSIONS = YES;
				CLANG_ANALYZER_NONNULL = YES;
				CLANG_CXX_LANGUAGE_STANDARD = "gnu++20";
				CLANG_ENABLE_MODULES = YES;
				CLANG_ENABLE_OBJC_ARC = YES;
				COPY_PHASE_STRIP = NO;
				DEBUG_INFORMATION_FORMAT = "dwarf-with-dsym";
				ENABLE_NS_ASSERTIONS = NO;
				ENABLE_STRICT_OBJC_MSGSEND = YES;
				ENABLE_USER_SCRIPT_SANDBOXING = YES;
				GCC_C_LANGUAGE_STANDARD = gnu17;
				GCC_WARN_ABOUT_RETURN_TYPE = YES_ERROR;
				GCC_WARN_UNINITIALIZED_AUTOS = YES_AGGRESSIVE;
				IPHONEOS_DEPLOYMENT_TARGET = 16.0;
				MTL_ENABLE_DEBUG_INFO = NO;
				SDKROOT = iphoneos;
				SWIFT_COMPILATION_MODE = wholemodule;
				VALIDATE_PRODUCT = YES;
			};
			name = Release;
		};
		BC10003 /* Debug */ = {
			isa = XCBuildConfiguration;
			buildSettings = {
				ASSETCATALOG_COMPILER_APPICON_NAME = AppIcon;
				ASSETCATALOG_COMPILER_GLOBAL_ACCENT_COLOR_NAME = AccentColor;
				CODE_SIGN_ENTITLEMENTS = BWChat/BWChat.entitlements;
				CODE_SIGN_STYLE = Automatic;
				CURRENT_PROJECT_VERSION = 1;
				DEVELOPMENT_TEAM = A5U93R249R;
				GENERATE_INFOPLIST_FILE = NO;
				INFOPLIST_FILE = BWChat/Info.plist;
				INFOPLIST_KEY_CFBundleDisplayName = BWChat;
				INFOPLIST_KEY_UIApplicationSceneManifest_Generation = YES;
				INFOPLIST_KEY_UILaunchScreen_Generation = YES;
				INFOPLIST_KEY_UISupportedInterfaceOrientations = UIInterfaceOrientationPortrait;
				LD_RUNPATH_SEARCH_PATHS = (
					"$(inherited)",
					"@executable_path/Frameworks",
				);
				MARKETING_VERSION = 1.0.0;
				PRODUCT_BUNDLE_IDENTIFIER = com.bwchat.app;
				PRODUCT_NAME = "$(TARGET_NAME)";
				SWIFT_EMIT_LOC_STRINGS = YES;
				SWIFT_VERSION = 5.0;
				TARGETED_DEVICE_FAMILY = 1;
			};
			name = Debug;
		};
		BC10004 /* Release */ = {
			isa = XCBuildConfiguration;
			buildSettings = {
				ASSETCATALOG_COMPILER_APPICON_NAME = AppIcon;
				ASSETCATALOG_COMPILER_GLOBAL_ACCENT_COLOR_NAME = AccentColor;
				CODE_SIGN_ENTITLEMENTS = BWChat/BWChat.entitlements;
				CODE_SIGN_STYLE = Automatic;
				CURRENT_PROJECT_VERSION = 1;
				DEVELOPMENT_TEAM = A5U93R249R;
				GENERATE_INFOPLIST_FILE = NO;
				INFOPLIST_FILE = BWChat/Info.plist;
				INFOPLIST_KEY_CFBundleDisplayName = BWChat;
				INFOPLIST_KEY_UIApplicationSceneManifest_Generation = YES;
				INFOPLIST_KEY_UILaunchScreen_Generation = YES;
				INFOPLIST_KEY_UISupportedInterfaceOrientations = UIInterfaceOrientationPortrait;
				LD_RUNPATH_SEARCH_PATHS = (
					"$(inherited)",
					"@executable_path/Frameworks",
				);
				MARKETING_VERSION = 1.0.0;
				PRODUCT_BUNDLE_IDENTIFIER = com.bwchat.app;
				PRODUCT_NAME = "$(TARGET_NAME)";
				SWIFT_EMIT_LOC_STRINGS = YES;
				SWIFT_VERSION = 5.0;
				TARGETED_DEVICE_FAMILY = 1;
			};
			name = Release;
		};
		BC10005 /* Debug */ = {
			isa = XCBuildConfiguration;
			buildSettings = {
				CODE_SIGN_ENTITLEMENTS = BWChatNotificationService/BWChatNotificationService.entitlements;
				CODE_SIGN_STYLE = Automatic;
				CURRENT_PROJECT_VERSION = 1;
				DEVELOPMENT_TEAM = A5U93R249R;
				GENERATE_INFOPLIST_FILE = NO;
				INFOPLIST_FILE = BWChatNotificationService/Info.plist;
				INFOPLIST_KEY_CFBundleDisplayName = BWChatNotificationService;
				INFOPLIST_KEY_NSHumanReadableCopyright = "";
				LD_RUNPATH_SEARCH_PATHS = (
					"$(inherited)",
					"@executable_path/Frameworks",
					"@executable_path/../../Frameworks",
				);
				MARKETING_VERSION = 1.0.0;
				PRODUCT_BUNDLE_IDENTIFIER = com.bwchat.app.NotificationService;
				PRODUCT_NAME = "$(TARGET_NAME)";
				SKIP_INSTALL = YES;
				SWIFT_EMIT_LOC_STRINGS = YES;
				SWIFT_VERSION = 5.0;
				TARGETED_DEVICE_FAMILY = 1;
			};
			name = Debug;
		};
		BC10006 /* Release */ = {
			isa = XCBuildConfiguration;
			buildSettings = {
				CODE_SIGN_ENTITLEMENTS = BWChatNotificationService/BWChatNotificationService.entitlements;
				CODE_SIGN_STYLE = Automatic;
				CURRENT_PROJECT_VERSION = 1;
				DEVELOPMENT_TEAM = A5U93R249R;
				GENERATE_INFOPLIST_FILE = NO;
				INFOPLIST_FILE = BWChatNotificationService/Info.plist;
				INFOPLIST_KEY_CFBundleDisplayName = BWChatNotificationService;
				INFOPLIST_KEY_NSHumanReadableCopyright = "";
				LD_RUNPATH_SEARCH_PATHS = (
					"$(inherited)",
					"@executable_path/Frameworks",
					"@executable_path/../../Frameworks",
				);
				MARKETING_VERSION = 1.0.0;
				PRODUCT_BUNDLE_IDENTIFIER = com.bwchat.app.NotificationService;
				PRODUCT_NAME = "$(TARGET_NAME)";
				SKIP_INSTALL = YES;
				SWIFT_EMIT_LOC_STRINGS = YES;
				SWIFT_VERSION = 5.0;
				TARGETED_DEVICE_FAMILY = 1;
			};
			name = Release;
		};
/* End XCBuildConfiguration section */

/* Begin XCConfigurationList section */
		CL10000 /* Build configuration list for PBXProject "BWChat" */ = {
			isa = XCConfigurationList;
			buildConfigurations = (
				BC10001 /* Debug */,
				BC10002 /* Release */,
			);
			defaultConfigurationIsVisible = 0;
			defaultConfigurationName = Release;
		};
		CL10001 /* Build configuration list for PBXNativeTarget "BWChat" */ = {
			isa = XCConfigurationList;
			buildConfigurations = (
				BC10003 /* Debug */,
				BC10004 /* Release */,
			);
			defaultConfigurationIsVisible = 0;
			defaultConfigurationName = Release;
		};
		CL10002 /* Build configuration list for PBXNativeTarget "BWChatNotificationService" */ = {
			isa = XCConfigurationList;
			buildConfigurations = (
				BC10005 /* Debug */,
				BC10006 /* Release */,
			);
			defaultConfigurationIsVisible = 0;
			defaultConfigurationName = Release;
		};
/* End XCConfigurationList section */

/* Begin XCRemoteSwiftPackageReference section */
		SPKG10001 /* XCRemoteSwiftPackageReference "client-sdk-swift" */ = {
			isa = XCRemoteSwiftPackageReference;
			repositoryURL = "https://github.com/livekit/client-sdk-swift.git";
			requirement = {
				kind = upToNextMajorVersion;
				minimumVersion = 2.0.0;
			};
		};
/* End XCRemoteSwiftPackageReference section */

/* Begin XCSwiftPackageProductDependency section */
		PKG10001 /* LiveKitSDK */ = {
			isa = XCSwiftPackageProductDependency;
			package = SPKG10001;
			productName = LiveKitSDK;
		};
/* End XCSwiftPackageProductDependency section */

	};
	rootObject = P10001 /* Project object */;
}
