// !$*UTF8*$!
{
	archiveVersion = 1;
	classes = {
	};
	objectVersion = 56;
	objects = {

/* Begin PBXBuildFile section */
		A10001 /* BWChatApp.swift in Sources */ = {isa = PBXBuildFile; fileRef = B10001 /* BWChatApp.swift */; };
		A10002 /* User.swift in Sources */ = {isa = PBXBuildFile; fileRef = B10002 /* User.swift */; };
		A10003 /* Message.swift in Sources */ = {isa = PBXBuildFile; fileRef = B10003 /* Message.swift */; };
		A11000 /* ChatMoney.swift in Sources */ = {isa = PBXBuildFile; fileRef = B11000 /* ChatMoney.swift */; };
		A11001 /* ChatMoneyStore.swift in Sources */ = {isa = PBXBuildFile; fileRef = B11001 /* ChatMoneyStore.swift */; };
		A11002 /* ChatMoneyViews.swift in Sources */ = {isa = PBXBuildFile; fileRef = B11002 /* ChatMoneyViews.swift */; };
		A11003 /* ChatMoneyComposerViews.swift in Sources */ = {isa = PBXBuildFile; fileRef = B11003 /* ChatMoneyComposerViews.swift */; };
		A11004 /* ChatMoneyDetailViews.swift in Sources */ = {isa = PBXBuildFile; fileRef = B11004 /* ChatMoneyDetailViews.swift */; };
		A10004 /* Contact.swift in Sources */ = {isa = PBXBuildFile; fileRef = B10004 /* Contact.swift */; };
		A10005 /* AuthViewModel.swift in Sources */ = {isa = PBXBuildFile; fileRef = B10005 /* AuthViewModel.swift */; };
		A10006 /* ChatViewModel.swift in Sources */ = {isa = PBXBuildFile; fileRef = B10006 /* ChatViewModel.swift */; };
		A10007 /* ContactsViewModel.swift in Sources */ = {isa = PBXBuildFile; fileRef = B10007 /* ContactsViewModel.swift */; };
		A10008 /* SplashScreen.swift in Sources */ = {isa = PBXBuildFile; fileRef = B10008 /* SplashScreen.swift */; };
		A10009 /* LoginView.swift in Sources */ = {isa = PBXBuildFile; fileRef = B10009 /* LoginView.swift */; };
		A10010 /* ContactListView.swift in Sources */ = {isa = PBXBuildFile; fileRef = B10010 /* ContactListView.swift */; };
		A10011 /* ChatView.swift in Sources */ = {isa = PBXBuildFile; fileRef = B10011 /* ChatView.swift */; };
		A10012 /* MessageBubble.swift in Sources */ = {isa = PBXBuildFile; fileRef = B10012 /* MessageBubble.swift */; };
		A10013 /* ImagePreviewView.swift in Sources */ = {isa = PBXBuildFile; fileRef = B10013 /* ImagePreviewView.swift */; };
		A10014 /* APIService.swift in Sources */ = {isa = PBXBuildFile; fileRef = B10014 /* APIService.swift */; };
		A10015 /* WebSocketService.swift in Sources */ = {isa = PBXBuildFile; fileRef = B10015 /* WebSocketService.swift */; };
		A10016 /* PushService.swift in Sources */ = {isa = PBXBuildFile; fileRef = B10016 /* PushService.swift */; };
		A10800 /* BackgroundUploadCoordinator.swift in Sources */ = {isa = PBXBuildFile; fileRef = B10800 /* BackgroundUploadCoordinator.swift */; };
		A10017 /* AuthManager.swift in Sources */ = {isa = PBXBuildFile; fileRef = B10017 /* AuthManager.swift */; };
		A10018 /* ImageCacheManager.swift in Sources */ = {isa = PBXBuildFile; fileRef = B10018 /* ImageCacheManager.swift */; };
		A10019 /* AvatarView.swift in Sources */ = {isa = PBXBuildFile; fileRef = B10019 /* AvatarView.swift */; };
		A10020 /* LoadingView.swift in Sources */ = {isa = PBXBuildFile; fileRef = B10020 /* LoadingView.swift */; };
		A10021 /* ToastView.swift in Sources */ = {isa = PBXBuildFile; fileRef = B10021 /* ToastView.swift */; };
		A10022 /* Constants.swift in Sources */ = {isa = PBXBuildFile; fileRef = B10022 /* Constants.swift */; };
		A10023 /* Extensions.swift in Sources */ = {isa = PBXBuildFile; fileRef = B10023 /* Extensions.swift */; };
		A10024 /* KeychainHelper.swift in Sources */ = {isa = PBXBuildFile; fileRef = B10024 /* KeychainHelper.swift */; };
		A10025 /* Assets.xcassets in Resources */ = {isa = PBXBuildFile; fileRef = B10025 /* Assets.xcassets */; };
		A10030 /* NotificationService.swift in Sources */ = {isa = PBXBuildFile; fileRef = B10030 /* NotificationService.swift */; };
		A10040 /* Group.swift in Sources */ = {isa = PBXBuildFile; fileRef = B10040 /* Group.swift */; };
		A10041 /* FriendRequest.swift in Sources */ = {isa = PBXBuildFile; fileRef = B10041 /* FriendRequest.swift */; };
		A10042 /* FriendsViewModel.swift in Sources */ = {isa = PBXBuildFile; fileRef = B10042 /* FriendsViewModel.swift */; };
		A10043 /* GroupsViewModel.swift in Sources */ = {isa = PBXBuildFile; fileRef = B10043 /* GroupsViewModel.swift */; };
		A10044 /* GroupChatViewModel.swift in Sources */ = {isa = PBXBuildFile; fileRef = B10044 /* GroupChatViewModel.swift */; };
		A10045 /* AddFriendView.swift in Sources */ = {isa = PBXBuildFile; fileRef = B10045 /* AddFriendView.swift */; };
		A10046 /* FriendRequestsView.swift in Sources */ = {isa = PBXBuildFile; fileRef = B10046 /* FriendRequestsView.swift */; };
		A10047 /* CreateGroupView.swift in Sources */ = {isa = PBXBuildFile; fileRef = B10047 /* CreateGroupView.swift */; };
		A10048 /* GroupChatView.swift in Sources */ = {isa = PBXBuildFile; fileRef = B10048 /* GroupChatView.swift */; };
		A10049 /* MainTabView.swift in Sources */ = {isa = PBXBuildFile; fileRef = B10049 /* MainTabView.swift */; };
		A10050 /* VideoPlayerView.swift in Sources */ = {isa = PBXBuildFile; fileRef = B10050 /* VideoPlayerView.swift */; };
		A10060 /* VideoThumbnailView.swift in Sources */ = {isa = PBXBuildFile; fileRef = B10060 /* VideoThumbnailView.swift */; };
		A10061 /* AddGroupMembersView.swift in Sources */ = {isa = PBXBuildFile; fileRef = B10061 /* AddGroupMembersView.swift */; };
		A10062 /* GroupDetailView.swift in Sources */ = {isa = PBXBuildFile; fileRef = B10062 /* GroupDetailView.swift */; };
		A10070 /* ProfileView.swift in Sources */ = {isa = PBXBuildFile; fileRef = B10070 /* ProfileView.swift */; };
		A10071 /* EditProfileView.swift in Sources */ = {isa = PBXBuildFile; fileRef = B10071 /* EditProfileView.swift */; };
		A10072 /* ProfileViewModel.swift in Sources */ = {isa = PBXBuildFile; fileRef = B10072 /* ProfileViewModel.swift */; };
		A10073 /* UserCacheManager.swift in Sources */ = {isa = PBXBuildFile; fileRef = B10073 /* UserCacheManager.swift */; };
		A10080 /* MediaPickerPreview.swift in Sources */ = {isa = PBXBuildFile; fileRef = B10080 /* MediaPickerPreview.swift */; };
		A10090 /* Call.swift in Sources */ = {isa = PBXBuildFile; fileRef = B10090 /* Call.swift */; };
		A10091 /* CallManager.swift in Sources */ = {isa = PBXBuildFile; fileRef = B10091 /* CallManager.swift */; };
		A10092 /* CallView.swift in Sources */ = {isa = PBXBuildFile; fileRef = B10092 /* CallView.swift */; };
		A10093 /* MentionPickerView.swift in Sources */ = {isa = PBXBuildFile; fileRef = B10093 /* MentionPickerView.swift */; };
		A10094 /* ReplyPreviewBar.swift in Sources */ = {isa = PBXBuildFile; fileRef = B10094 /* ReplyPreviewBar.swift */; };
		A10095 /* BWChatNotificationService.appex in Embed App Extensions */ = {isa = PBXBuildFile; fileRef = PR10002 /* BWChatNotificationService.appex */; settings = {ATTRIBUTES = (CodeSignOnCopy, RemoveHeadersOnCopy, ); }; };
		A10096 /* GroupCallView.swift in Sources */ = {isa = PBXBuildFile; fileRef = B10096 /* GroupCallView.swift */; };
		A10097 /* LiveKit in Frameworks */ = {isa = PBXBuildFile; productRef = PKG10001 /* LiveKit */; };
		A10100 /* Conversation.swift in Sources */ = {isa = PBXBuildFile; fileRef = B10100 /* Conversation.swift */; };
		A10101 /* Moment.swift in Sources */ = {isa = PBXBuildFile; fileRef = B10101 /* Moment.swift */; };
		A10102 /* ConversationListViewModel.swift in Sources */ = {isa = PBXBuildFile; fileRef = B10102 /* ConversationListViewModel.swift */; };
		A10103 /* MomentsViewModel.swift in Sources */ = {isa = PBXBuildFile; fileRef = B10103 /* MomentsViewModel.swift */; };
		A10104 /* MomentsView.swift in Sources */ = {isa = PBXBuildFile; fileRef = B10104 /* MomentsView.swift */; };
		A10105 /* CreateMomentView.swift in Sources */ = {isa = PBXBuildFile; fileRef = B10105 /* CreateMomentView.swift */; };
		A10106 /* DiscoverView.swift in Sources */ = {isa = PBXBuildFile; fileRef = B10106 /* DiscoverView.swift */; };
		A10107 /* MessageStore.swift in Sources */ = {isa = PBXBuildFile; fileRef = B10107 /* MessageStore.swift */; };
		A10108 /* libsqlite3.tbd in Frameworks */ = {isa = PBXBuildFile; fileRef = B10108 /* libsqlite3.tbd */; };
		A10109 /* MediaLibrarySaver.swift in Sources */ = {isa = PBXBuildFile; fileRef = B10109 /* MediaLibrarySaver.swift */; };
		A10110 /* UIKitNav.swift in Sources */ = {isa = PBXBuildFile; fileRef = B10110 /* UIKitNav.swift */; };
		A10111 /* WalletView.swift in Sources */ = {isa = PBXBuildFile; fileRef = B10111 /* WalletView.swift */; };
		A10116 /* LocalCache.swift in Sources */ = {isa = PBXBuildFile; fileRef = B10116 /* LocalCache.swift */; };
		A10117 /* ChatAppearanceStore.swift in Sources */ = {isa = PBXBuildFile; fileRef = B10117 /* ChatAppearanceStore.swift */; };
		A10118 /* ChatBackgroundSettingsView.swift in Sources */ = {isa = PBXBuildFile; fileRef = B10118 /* ChatBackgroundSettingsView.swift */; };
		A10119 /* WalletStore.swift in Sources */ = {isa = PBXBuildFile; fileRef = B10119 /* WalletStore.swift */; };
		A10200 /* RegisterView.swift in Sources */ = {isa = PBXBuildFile; fileRef = B10200 /* RegisterView.swift */; };
		A10210 /* Gift.swift in Sources */ = {isa = PBXBuildFile; fileRef = B10210 /* Gift.swift */; };
		A10211 /* GiftViews.swift in Sources */ = {isa = PBXBuildFile; fileRef = B10211 /* GiftViews.swift */; };
		A10220 /* MapDating.swift in Sources */ = {isa = PBXBuildFile; fileRef = B10220 /* MapDating.swift */; };
		A10221 /* MapDatingViewModel.swift in Sources */ = {isa = PBXBuildFile; fileRef = B10221 /* MapDatingViewModel.swift */; };
		A10222 /* MapDatingView.swift in Sources */ = {isa = PBXBuildFile; fileRef = B10222 /* MapDatingView.swift */; };
			A10230 /* RootTabTitle.swift in Sources */ = {isa = PBXBuildFile; fileRef = B10230 /* RootTabTitle.swift */; };
			A10300 /* Localizable.strings in Resources */ = {isa = PBXBuildFile; fileRef = B10300 /* Localizable.strings */; };
			A10301 /* InfoPlist.strings in Resources */ = {isa = PBXBuildFile; fileRef = B10320 /* InfoPlist.strings */; };
			A10302 /* AppLanguageStore.swift in Sources */ = {isa = PBXBuildFile; fileRef = B10340 /* AppLanguageStore.swift */; };
			A10341 /* DiscoverConfig.swift in Sources */ = {isa = PBXBuildFile; fileRef = B10341 /* DiscoverConfig.swift */; };
			A10400 /* Follow.swift in Sources */ = {isa = PBXBuildFile; fileRef = B10400 /* Follow.swift */; };
			A10401 /* ShortDrama.swift in Sources */ = {isa = PBXBuildFile; fileRef = B10401 /* ShortDrama.swift */; };
			A10402 /* FollowListViewModel.swift in Sources */ = {isa = PBXBuildFile; fileRef = B10402 /* FollowListViewModel.swift */; };
			A10403 /* UserProfileViewModel.swift in Sources */ = {isa = PBXBuildFile; fileRef = B10403 /* UserProfileViewModel.swift */; };
			A10404 /* ShortDramaFeedViewModel.swift in Sources */ = {isa = PBXBuildFile; fileRef = B10404 /* ShortDramaFeedViewModel.swift */; };
			A10405 /* FollowListViews.swift in Sources */ = {isa = PBXBuildFile; fileRef = B10405 /* FollowListViews.swift */; };
			A10406 /* UserProfileView.swift in Sources */ = {isa = PBXBuildFile; fileRef = B10406 /* UserProfileView.swift */; };
			A10407 /* ShortDramaFeedView.swift in Sources */ = {isa = PBXBuildFile; fileRef = B10407 /* ShortDramaFeedView.swift */; };
			A10408 /* ShortDramaVideoPage.swift in Sources */ = {isa = PBXBuildFile; fileRef = B10408 /* ShortDramaVideoPage.swift */; };
			A10409 /* ShortDramaActionRail.swift in Sources */ = {isa = PBXBuildFile; fileRef = B10409 /* ShortDramaActionRail.swift */; };
			A10410 /* ShortDramaCommentsSheet.swift in Sources */ = {isa = PBXBuildFile; fileRef = B10410 /* ShortDramaCommentsSheet.swift */; };
			A10411 /* ShortDramaSeriesListView.swift in Sources */ = {isa = PBXBuildFile; fileRef = B10411 /* ShortDramaSeriesListView.swift */; };
			A10412 /* ShortDramaUnifiedEditorView.swift in Sources */ = {isa = PBXBuildFile; fileRef = B10412 /* ShortDramaUnifiedEditorView.swift */; };
			A10500 /* DynamicConfigModels.swift in Sources */ = {isa = PBXBuildFile; fileRef = B10500 /* DynamicConfigModels.swift */; };
			A10501 /* AppRemoteConfigStore.swift in Sources */ = {isa = PBXBuildFile; fileRef = B10501 /* AppRemoteConfigStore.swift */; };
			A10502 /* RemoteAssetManager.swift in Sources */ = {isa = PBXBuildFile; fileRef = B10502 /* RemoteAssetManager.swift */; };
			A10503 /* DynamicScreenStore.swift in Sources */ = {isa = PBXBuildFile; fileRef = B10503 /* DynamicScreenStore.swift */; };
			A10504 /* DynamicRouteHandler.swift in Sources */ = {isa = PBXBuildFile; fileRef = B10504 /* DynamicRouteHandler.swift */; };
			A10505 /* DynamicScreenView.swift in Sources */ = {isa = PBXBuildFile; fileRef = B10505 /* DynamicScreenView.swift */; };
			A10506 /* InAppWebView.swift in Sources */ = {isa = PBXBuildFile; fileRef = B10506 /* InAppWebView.swift */; };
			A10508 /* Sticker.swift in Sources */ = {isa = PBXBuildFile; fileRef = B10508 /* Sticker.swift */; };
			A10509 /* StickerViews.swift in Sources */ = {isa = PBXBuildFile; fileRef = B10509 /* StickerViews.swift */; };
			A10510 /* GameCenter.swift in Sources */ = {isa = PBXBuildFile; fileRef = B10510 /* GameCenter.swift */; };
		A10511 /* GameCenterView.swift in Sources */ = {isa = PBXBuildFile; fileRef = B10511 /* GameCenterView.swift */; };
		A10610 /* CacheRepository.swift in Sources */ = {isa = PBXBuildFile; fileRef = B10610 /* CacheRepository.swift */; };
		A10611 /* MediaCacheManager.swift in Sources */ = {isa = PBXBuildFile; fileRef = B10611 /* MediaCacheManager.swift */; };
		A10600 /* GameCenterTests.swift in Sources */ = {isa = PBXBuildFile; fileRef = B10600 /* GameCenterTests.swift */; };
		A10601 /* ShortDramaPlaybackTests.swift in Sources */ = {isa = PBXBuildFile; fileRef = B10601 /* ShortDramaPlaybackTests.swift */; };
		A10613 /* StickerPickerTests.swift in Sources */ = {isa = PBXBuildFile; fileRef = B10613 /* StickerPickerTests.swift */; };
		A10614 /* MomentsFollowingFeedTests.swift in Sources */ = {isa = PBXBuildFile; fileRef = B10614 /* MomentsFollowingFeedTests.swift */; };
		A10615 /* AuthSessionTests.swift in Sources */ = {isa = PBXBuildFile; fileRef = B10615 /* AuthSessionTests.swift */; };
		A10616 /* MapDatingResponseTests.swift in Sources */ = {isa = PBXBuildFile; fileRef = B10616 /* MapDatingResponseTests.swift */; };
		A10617 /* APIResponseContractTests.swift in Sources */ = {isa = PBXBuildFile; fileRef = B10617 /* APIResponseContractTests.swift */; };
		A10620 /* GoogleMobileAds in Frameworks */ = {isa = PBXBuildFile; productRef = PKG10002 /* GoogleMobileAds */; };
		A10621 /* GoogleUserMessagingPlatform in Frameworks */ = {isa = PBXBuildFile; productRef = PKG10003 /* GoogleUserMessagingPlatform */; };
		A10622 /* AdRewardService.swift in Sources */ = {isa = PBXBuildFile; fileRef = B10622 /* AdRewardService.swift */; };
		A10700 /* InteractiveScript.swift in Sources */ = {isa = PBXBuildFile; fileRef = B10700 /* InteractiveScript.swift */; };
		A10701 /* InteractiveScriptViewModels.swift in Sources */ = {isa = PBXBuildFile; fileRef = B10701 /* InteractiveScriptViewModels.swift */; };
		A10702 /* ScriptCenterView.swift in Sources */ = {isa = PBXBuildFile; fileRef = B10702 /* ScriptCenterView.swift */; };
		A10703 /* ScriptDetailView.swift in Sources */ = {isa = PBXBuildFile; fileRef = B10703 /* ScriptDetailView.swift */; };
		A10704 /* ScriptEditorView.swift in Sources */ = {isa = PBXBuildFile; fileRef = B10704 /* ScriptEditorView.swift */; };
		A10705 /* ScriptRoleEditorView.swift in Sources */ = {isa = PBXBuildFile; fileRef = B10705 /* ScriptRoleEditorView.swift */; };
		A10706 /* ScriptRoomChatView.swift in Sources */ = {isa = PBXBuildFile; fileRef = B10706 /* ScriptRoomChatView.swift */; };
		A10710 /* InteractiveScriptContractTests.swift in Sources */ = {isa = PBXBuildFile; fileRef = B10710 /* InteractiveScriptContractTests.swift */; };
		A10711 /* ConversationListActionTests.swift in Sources */ = {isa = PBXBuildFile; fileRef = B10711 /* ConversationListActionTests.swift */; };
		A10900 /* AgentModels.swift in Sources */ = {isa = PBXBuildFile; fileRef = B10900 /* AgentModels.swift */; };
		A10901 /* AgentCatalogViewModel.swift in Sources */ = {isa = PBXBuildFile; fileRef = B10901 /* AgentCatalogViewModel.swift */; };
		A10902 /* AgentChatViewModel.swift in Sources */ = {isa = PBXBuildFile; fileRef = B10902 /* AgentChatViewModel.swift */; };
		A10903 /* AgentHubView.swift in Sources */ = {isa = PBXBuildFile; fileRef = B10903 /* AgentHubView.swift */; };
		A10904 /* AgentChatView.swift in Sources */ = {isa = PBXBuildFile; fileRef = B10904 /* AgentChatView.swift */; };
		A10905 /* AgentMessageView.swift in Sources */ = {isa = PBXBuildFile; fileRef = B10905 /* AgentMessageView.swift */; };
		A10906 /* AgentCreatorViewModel.swift in Sources */ = {isa = PBXBuildFile; fileRef = B10906 /* AgentCreatorViewModel.swift */; };
		A10907 /* AgentCreatorView.swift in Sources */ = {isa = PBXBuildFile; fileRef = B10907 /* AgentCreatorView.swift */; };
	/* End PBXBuildFile section */

/* Begin PBXContainerItemProxy section */
		C10001 /* PBXContainerItemProxy */ = {
			isa = PBXContainerItemProxy;
			containerPortal = P10001 /* Project object */;
			proxyType = 1;
			remoteGlobalIDString = T10002;
			remoteInfo = BWChatNotificationService;
		};
		C10002 /* PBXContainerItemProxy */ = {
			isa = PBXContainerItemProxy;
			containerPortal = P10001 /* Project object */;
			proxyType = 1;
			remoteGlobalIDString = T10001;
			remoteInfo = BWChat;
		};
/* End PBXContainerItemProxy section */

/* Begin PBXCopyFilesBuildPhase section */
		CP10001 /* Embed App Extensions */ = {
			isa = PBXCopyFilesBuildPhase;
			buildActionMask = 2147483647;
			dstPath = "";
			dstSubfolderSpec = 13;
			files = (
				A10095 /* BWChatNotificationService.appex in Embed App Extensions */,
			);
			name = "Embed App Extensions";
			runOnlyForDeploymentPostprocessing = 0;
		};
/* End PBXCopyFilesBuildPhase section */

/* Begin PBXFileReference section */
		B10001 /* BWChatApp.swift */ = {isa = PBXFileReference; lastKnownFileType = sourcecode.swift; path = BWChatApp.swift; sourceTree = "<group>"; };
		B10002 /* User.swift */ = {isa = PBXFileReference; lastKnownFileType = sourcecode.swift; path = User.swift; sourceTree = "<group>"; };
		B10003 /* Message.swift */ = {isa = PBXFileReference; lastKnownFileType = sourcecode.swift; path = Message.swift; sourceTree = "<group>"; };
		B11000 /* ChatMoney.swift */ = {isa = PBXFileReference; lastKnownFileType = sourcecode.swift; path = ChatMoney.swift; sourceTree = "<group>"; };
		B11001 /* ChatMoneyStore.swift */ = {isa = PBXFileReference; lastKnownFileType = sourcecode.swift; path = ChatMoneyStore.swift; sourceTree = "<group>"; };
		B11002 /* ChatMoneyViews.swift */ = {isa = PBXFileReference; lastKnownFileType = sourcecode.swift; path = ChatMoneyViews.swift; sourceTree = "<group>"; };
		B11003 /* ChatMoneyComposerViews.swift */ = {isa = PBXFileReference; lastKnownFileType = sourcecode.swift; path = ChatMoneyComposerViews.swift; sourceTree = "<group>"; };
		B11004 /* ChatMoneyDetailViews.swift */ = {isa = PBXFileReference; lastKnownFileType = sourcecode.swift; path = ChatMoneyDetailViews.swift; sourceTree = "<group>"; };
		B10004 /* Contact.swift */ = {isa = PBXFileReference; lastKnownFileType = sourcecode.swift; path = Contact.swift; sourceTree = "<group>"; };
		B10005 /* AuthViewModel.swift */ = {isa = PBXFileReference; lastKnownFileType = sourcecode.swift; path = AuthViewModel.swift; sourceTree = "<group>"; };
		B10006 /* ChatViewModel.swift */ = {isa = PBXFileReference; lastKnownFileType = sourcecode.swift; path = ChatViewModel.swift; sourceTree = "<group>"; };
		B10007 /* ContactsViewModel.swift */ = {isa = PBXFileReference; lastKnownFileType = sourcecode.swift; path = ContactsViewModel.swift; sourceTree = "<group>"; };
		B10008 /* SplashScreen.swift */ = {isa = PBXFileReference; lastKnownFileType = sourcecode.swift; path = SplashScreen.swift; sourceTree = "<group>"; };
		B10009 /* LoginView.swift */ = {isa = PBXFileReference; lastKnownFileType = sourcecode.swift; path = LoginView.swift; sourceTree = "<group>"; };
		B10010 /* ContactListView.swift */ = {isa = PBXFileReference; lastKnownFileType = sourcecode.swift; path = ContactListView.swift; sourceTree = "<group>"; };
		B10011 /* ChatView.swift */ = {isa = PBXFileReference; lastKnownFileType = sourcecode.swift; path = ChatView.swift; sourceTree = "<group>"; };
		B10012 /* MessageBubble.swift */ = {isa = PBXFileReference; lastKnownFileType = sourcecode.swift; path = MessageBubble.swift; sourceTree = "<group>"; };
		B10013 /* ImagePreviewView.swift */ = {isa = PBXFileReference; lastKnownFileType = sourcecode.swift; path = ImagePreviewView.swift; sourceTree = "<group>"; };
		B10014 /* APIService.swift */ = {isa = PBXFileReference; lastKnownFileType = sourcecode.swift; path = APIService.swift; sourceTree = "<group>"; };
		B10800 /* BackgroundUploadCoordinator.swift */ = {isa = PBXFileReference; lastKnownFileType = sourcecode.swift; path = BackgroundUploadCoordinator.swift; sourceTree = "<group>"; };
		B10015 /* WebSocketService.swift */ = {isa = PBXFileReference; lastKnownFileType = sourcecode.swift; path = WebSocketService.swift; sourceTree = "<group>"; };
		B10016 /* PushService.swift */ = {isa = PBXFileReference; lastKnownFileType = sourcecode.swift; path = PushService.swift; sourceTree = "<group>"; };
		B10017 /* AuthManager.swift */ = {isa = PBXFileReference; lastKnownFileType = sourcecode.swift; path = AuthManager.swift; sourceTree = "<group>"; };
		B10018 /* ImageCacheManager.swift */ = {isa = PBXFileReference; lastKnownFileType = sourcecode.swift; path = ImageCacheManager.swift; sourceTree = "<group>"; };
		B10019 /* AvatarView.swift */ = {isa = PBXFileReference; lastKnownFileType = sourcecode.swift; path = AvatarView.swift; sourceTree = "<group>"; };
		B10020 /* LoadingView.swift */ = {isa = PBXFileReference; lastKnownFileType = sourcecode.swift; path = LoadingView.swift; sourceTree = "<group>"; };
		B10021 /* ToastView.swift */ = {isa = PBXFileReference; lastKnownFileType = sourcecode.swift; path = ToastView.swift; sourceTree = "<group>"; };
		B10022 /* Constants.swift */ = {isa = PBXFileReference; lastKnownFileType = sourcecode.swift; path = Constants.swift; sourceTree = "<group>"; };
		B10023 /* Extensions.swift */ = {isa = PBXFileReference; lastKnownFileType = sourcecode.swift; path = Extensions.swift; sourceTree = "<group>"; };
		B10024 /* KeychainHelper.swift */ = {isa = PBXFileReference; lastKnownFileType = sourcecode.swift; path = KeychainHelper.swift; sourceTree = "<group>"; };
		B10025 /* Assets.xcassets */ = {isa = PBXFileReference; lastKnownFileType = folder.assetcatalog; path = Assets.xcassets; sourceTree = "<group>"; };
		B10026 /* Info.plist */ = {isa = PBXFileReference; lastKnownFileType = text.plist.xml; path = Info.plist; sourceTree = "<group>"; };
		B10027 /* BWChat.entitlements */ = {isa = PBXFileReference; lastKnownFileType = text.plist.entitlements; path = BWChat.entitlements; sourceTree = "<group>"; };
		B10030 /* NotificationService.swift */ = {isa = PBXFileReference; lastKnownFileType = sourcecode.swift; path = NotificationService.swift; sourceTree = "<group>"; };
		B10031 /* Info.plist */ = {isa = PBXFileReference; lastKnownFileType = text.plist.xml; path = Info.plist; sourceTree = "<group>"; };
		B10032 /* BWChatNotificationService.entitlements */ = {isa = PBXFileReference; lastKnownFileType = text.plist.entitlements; path = BWChatNotificationService.entitlements; sourceTree = "<group>"; };
		B10040 /* Group.swift */ = {isa = PBXFileReference; lastKnownFileType = sourcecode.swift; path = Group.swift; sourceTree = "<group>"; };
		B10041 /* FriendRequest.swift */ = {isa = PBXFileReference; lastKnownFileType = sourcecode.swift; path = FriendRequest.swift; sourceTree = "<group>"; };
		B10042 /* FriendsViewModel.swift */ = {isa = PBXFileReference; lastKnownFileType = sourcecode.swift; path = FriendsViewModel.swift; sourceTree = "<group>"; };
		B10043 /* GroupsViewModel.swift */ = {isa = PBXFileReference; lastKnownFileType = sourcecode.swift; path = GroupsViewModel.swift; sourceTree = "<group>"; };
		B10044 /* GroupChatViewModel.swift */ = {isa = PBXFileReference; lastKnownFileType = sourcecode.swift; path = GroupChatViewModel.swift; sourceTree = "<group>"; };
		B10045 /* AddFriendView.swift */ = {isa = PBXFileReference; lastKnownFileType = sourcecode.swift; path = AddFriendView.swift; sourceTree = "<group>"; };
		B10046 /* FriendRequestsView.swift */ = {isa = PBXFileReference; lastKnownFileType = sourcecode.swift; path = FriendRequestsView.swift; sourceTree = "<group>"; };
		B10047 /* CreateGroupView.swift */ = {isa = PBXFileReference; lastKnownFileType = sourcecode.swift; path = CreateGroupView.swift; sourceTree = "<group>"; };
		B10048 /* GroupChatView.swift */ = {isa = PBXFileReference; lastKnownFileType = sourcecode.swift; path = GroupChatView.swift; sourceTree = "<group>"; };
		B10049 /* MainTabView.swift */ = {isa = PBXFileReference; lastKnownFileType = sourcecode.swift; path = MainTabView.swift; sourceTree = "<group>"; };
		B10050 /* VideoPlayerView.swift */ = {isa = PBXFileReference; lastKnownFileType = sourcecode.swift; path = VideoPlayerView.swift; sourceTree = "<group>"; };
		B10060 /* VideoThumbnailView.swift */ = {isa = PBXFileReference; lastKnownFileType = sourcecode.swift; path = VideoThumbnailView.swift; sourceTree = "<group>"; };
		B10061 /* AddGroupMembersView.swift */ = {isa = PBXFileReference; lastKnownFileType = sourcecode.swift; path = AddGroupMembersView.swift; sourceTree = "<group>"; };
		B10062 /* GroupDetailView.swift */ = {isa = PBXFileReference; lastKnownFileType = sourcecode.swift; path = GroupDetailView.swift; sourceTree = "<group>"; };
		B10070 /* ProfileView.swift */ = {isa = PBXFileReference; lastKnownFileType = sourcecode.swift; path = ProfileView.swift; sourceTree = "<group>"; };
		B10071 /* EditProfileView.swift */ = {isa = PBXFileReference; lastKnownFileType = sourcecode.swift; path = EditProfileView.swift; sourceTree = "<group>"; };
		B10072 /* ProfileViewModel.swift */ = {isa = PBXFileReference; lastKnownFileType = sourcecode.swift; path = ProfileViewModel.swift; sourceTree = "<group>"; };
		B10073 /* UserCacheManager.swift */ = {isa = PBXFileReference; lastKnownFileType = sourcecode.swift; path = UserCacheManager.swift; sourceTree = "<group>"; };
		B10080 /* MediaPickerPreview.swift */ = {isa = PBXFileReference; lastKnownFileType = sourcecode.swift; path = MediaPickerPreview.swift; sourceTree = "<group>"; };
		B10090 /* Call.swift */ = {isa = PBXFileReference; lastKnownFileType = sourcecode.swift; path = Call.swift; sourceTree = "<group>"; };
		B10091 /* CallManager.swift */ = {isa = PBXFileReference; lastKnownFileType = sourcecode.swift; path = CallManager.swift; sourceTree = "<group>"; };
		B10092 /* CallView.swift */ = {isa = PBXFileReference; lastKnownFileType = sourcecode.swift; path = CallView.swift; sourceTree = "<group>"; };
		B10093 /* MentionPickerView.swift */ = {isa = PBXFileReference; lastKnownFileType = sourcecode.swift; path = MentionPickerView.swift; sourceTree = "<group>"; };
		B10094 /* ReplyPreviewBar.swift */ = {isa = PBXFileReference; lastKnownFileType = sourcecode.swift; path = ReplyPreviewBar.swift; sourceTree = "<group>"; };
		B10096 /* GroupCallView.swift */ = {isa = PBXFileReference; lastKnownFileType = sourcecode.swift; path = GroupCallView.swift; sourceTree = "<group>"; };
		B10100 /* Conversation.swift */ = {isa = PBXFileReference; lastKnownFileType = sourcecode.swift; path = Conversation.swift; sourceTree = "<group>"; };
		B10101 /* Moment.swift */ = {isa = PBXFileReference; lastKnownFileType = sourcecode.swift; path = Moment.swift; sourceTree = "<group>"; };
		B10102 /* ConversationListViewModel.swift */ = {isa = PBXFileReference; lastKnownFileType = sourcecode.swift; path = ConversationListViewModel.swift; sourceTree = "<group>"; };
		B10103 /* MomentsViewModel.swift */ = {isa = PBXFileReference; lastKnownFileType = sourcecode.swift; path = MomentsViewModel.swift; sourceTree = "<group>"; };
		B10104 /* MomentsView.swift */ = {isa = PBXFileReference; lastKnownFileType = sourcecode.swift; path = MomentsView.swift; sourceTree = "<group>"; };
		B10105 /* CreateMomentView.swift */ = {isa = PBXFileReference; lastKnownFileType = sourcecode.swift; path = CreateMomentView.swift; sourceTree = "<group>"; };
		B10106 /* DiscoverView.swift */ = {isa = PBXFileReference; lastKnownFileType = sourcecode.swift; path = DiscoverView.swift; sourceTree = "<group>"; };
		B10107 /* MessageStore.swift */ = {isa = PBXFileReference; lastKnownFileType = sourcecode.swift; path = MessageStore.swift; sourceTree = "<group>"; };
		B10108 /* libsqlite3.tbd */ = {isa = PBXFileReference; lastKnownFileType = "sourcecode.text-based-dylib-definition"; name = libsqlite3.tbd; path = usr/lib/libsqlite3.tbd; sourceTree = SDKROOT; };
		B10109 /* MediaLibrarySaver.swift */ = {isa = PBXFileReference; lastKnownFileType = sourcecode.swift; path = MediaLibrarySaver.swift; sourceTree = "<group>"; };
		B10110 /* UIKitNav.swift */ = {isa = PBXFileReference; lastKnownFileType = sourcecode.swift; path = UIKitNav.swift; sourceTree = "<group>"; };
		B10111 /* WalletView.swift */ = {isa = PBXFileReference; lastKnownFileType = sourcecode.swift; path = WalletView.swift; sourceTree = "<group>"; };
		B10116 /* LocalCache.swift */ = {isa = PBXFileReference; lastKnownFileType = sourcecode.swift; path = LocalCache.swift; sourceTree = "<group>"; };
		B10117 /* ChatAppearanceStore.swift */ = {isa = PBXFileReference; lastKnownFileType = sourcecode.swift; path = ChatAppearanceStore.swift; sourceTree = "<group>"; };
		B10118 /* ChatBackgroundSettingsView.swift */ = {isa = PBXFileReference; lastKnownFileType = sourcecode.swift; path = ChatBackgroundSettingsView.swift; sourceTree = "<group>"; };
		B10119 /* WalletStore.swift */ = {isa = PBXFileReference; lastKnownFileType = sourcecode.swift; path = WalletStore.swift; sourceTree = "<group>"; };
		B10200 /* RegisterView.swift */ = {isa = PBXFileReference; lastKnownFileType = sourcecode.swift; path = RegisterView.swift; sourceTree = "<group>"; };
		B10210 /* Gift.swift */ = {isa = PBXFileReference; lastKnownFileType = sourcecode.swift; path = Gift.swift; sourceTree = "<group>"; };
		B10211 /* GiftViews.swift */ = {isa = PBXFileReference; lastKnownFileType = sourcecode.swift; path = GiftViews.swift; sourceTree = "<group>"; };
		B10220 /* MapDating.swift */ = {isa = PBXFileReference; lastKnownFileType = sourcecode.swift; path = MapDating.swift; sourceTree = "<group>"; };
		B10221 /* MapDatingViewModel.swift */ = {isa = PBXFileReference; lastKnownFileType = sourcecode.swift; path = MapDatingViewModel.swift; sourceTree = "<group>"; };
		B10222 /* MapDatingView.swift */ = {isa = PBXFileReference; lastKnownFileType = sourcecode.swift; path = MapDatingView.swift; sourceTree = "<group>"; };
		B10230 /* RootTabTitle.swift */ = {isa = PBXFileReference; lastKnownFileType = sourcecode.swift; path = RootTabTitle.swift; sourceTree = "<group>"; };
		B10301 /* en */ = {isa = PBXFileReference; lastKnownFileType = text.plist.strings; name = en; path = en.lproj/Localizable.strings; sourceTree = "<group>"; };
		B10302 /* ja */ = {isa = PBXFileReference; lastKnownFileType = text.plist.strings; name = ja; path = ja.lproj/Localizable.strings; sourceTree = "<group>"; };
		B10303 /* ko */ = {isa = PBXFileReference; lastKnownFileType = text.plist.strings; name = ko; path = ko.lproj/Localizable.strings; sourceTree = "<group>"; };
		B10304 /* es */ = {isa = PBXFileReference; lastKnownFileType = text.plist.strings; name = es; path = es.lproj/Localizable.strings; sourceTree = "<group>"; };
		B10305 /* fr */ = {isa = PBXFileReference; lastKnownFileType = text.plist.strings; name = fr; path = fr.lproj/Localizable.strings; sourceTree = "<group>"; };
		B10306 /* de */ = {isa = PBXFileReference; lastKnownFileType = text.plist.strings; name = de; path = de.lproj/Localizable.strings; sourceTree = "<group>"; };
		B10307 /* pt-BR */ = {isa = PBXFileReference; lastKnownFileType = text.plist.strings; name = "pt-BR"; path = "pt-BR.lproj/Localizable.strings"; sourceTree = "<group>"; };
		B10308 /* ru */ = {isa = PBXFileReference; lastKnownFileType = text.plist.strings; name = ru; path = ru.lproj/Localizable.strings; sourceTree = "<group>"; };
		B10309 /* zh-Hans */ = {isa = PBXFileReference; lastKnownFileType = text.plist.strings; name = "zh-Hans"; path = "zh-Hans.lproj/Localizable.strings"; sourceTree = "<group>"; };
		B10310 /* zh-Hant */ = {isa = PBXFileReference; lastKnownFileType = text.plist.strings; name = "zh-Hant"; path = "zh-Hant.lproj/Localizable.strings"; sourceTree = "<group>"; };
		B10321 /* en */ = {isa = PBXFileReference; lastKnownFileType = text.plist.strings; name = en; path = en.lproj/InfoPlist.strings; sourceTree = "<group>"; };
		B10322 /* ja */ = {isa = PBXFileReference; lastKnownFileType = text.plist.strings; name = ja; path = ja.lproj/InfoPlist.strings; sourceTree = "<group>"; };
		B10323 /* ko */ = {isa = PBXFileReference; lastKnownFileType = text.plist.strings; name = ko; path = ko.lproj/InfoPlist.strings; sourceTree = "<group>"; };
		B10324 /* es */ = {isa = PBXFileReference; lastKnownFileType = text.plist.strings; name = es; path = es.lproj/InfoPlist.strings; sourceTree = "<group>"; };
		B10325 /* fr */ = {isa = PBXFileReference; lastKnownFileType = text.plist.strings; name = fr; path = fr.lproj/InfoPlist.strings; sourceTree = "<group>"; };
		B10326 /* de */ = {isa = PBXFileReference; lastKnownFileType = text.plist.strings; name = de; path = de.lproj/InfoPlist.strings; sourceTree = "<group>"; };
		B10327 /* pt-BR */ = {isa = PBXFileReference; lastKnownFileType = text.plist.strings; name = "pt-BR"; path = "pt-BR.lproj/InfoPlist.strings"; sourceTree = "<group>"; };
		B10328 /* ru */ = {isa = PBXFileReference; lastKnownFileType = text.plist.strings; name = ru; path = ru.lproj/InfoPlist.strings; sourceTree = "<group>"; };
		B10329 /* zh-Hans */ = {isa = PBXFileReference; lastKnownFileType = text.plist.strings; name = "zh-Hans"; path = "zh-Hans.lproj/InfoPlist.strings"; sourceTree = "<group>"; };
			B10330 /* zh-Hant */ = {isa = PBXFileReference; lastKnownFileType = text.plist.strings; name = "zh-Hant"; path = "zh-Hant.lproj/InfoPlist.strings"; sourceTree = "<group>"; };
			B10340 /* AppLanguageStore.swift */ = {isa = PBXFileReference; lastKnownFileType = sourcecode.swift; path = AppLanguageStore.swift; sourceTree = "<group>"; };
			B10341 /* DiscoverConfig.swift */ = {isa = PBXFileReference; lastKnownFileType = sourcecode.swift; path = DiscoverConfig.swift; sourceTree = "<group>"; };
			B10400 /* Follow.swift */ = {isa = PBXFileReference; lastKnownFileType = sourcecode.swift; path = Follow.swift; sourceTree = "<group>"; };
			B10401 /* ShortDrama.swift */ = {isa = PBXFileReference; lastKnownFileType = sourcecode.swift; path = ShortDrama.swift; sourceTree = "<group>"; };
			B10402 /* FollowListViewModel.swift */ = {isa = PBXFileReference; lastKnownFileType = sourcecode.swift; path = FollowListViewModel.swift; sourceTree = "<group>"; };
			B10403 /* UserProfileViewModel.swift */ = {isa = PBXFileReference; lastKnownFileType = sourcecode.swift; path = UserProfileViewModel.swift; sourceTree = "<group>"; };
			B10404 /* ShortDramaFeedViewModel.swift */ = {isa = PBXFileReference; lastKnownFileType = sourcecode.swift; path = ShortDramaFeedViewModel.swift; sourceTree = "<group>"; };
			B10405 /* FollowListViews.swift */ = {isa = PBXFileReference; lastKnownFileType = sourcecode.swift; path = FollowListViews.swift; sourceTree = "<group>"; };
			B10406 /* UserProfileView.swift */ = {isa = PBXFileReference; lastKnownFileType = sourcecode.swift; path = UserProfileView.swift; sourceTree = "<group>"; };
			B10407 /* ShortDramaFeedView.swift */ = {isa = PBXFileReference; lastKnownFileType = sourcecode.swift; path = ShortDramaFeedView.swift; sourceTree = "<group>"; };
			B10408 /* ShortDramaVideoPage.swift */ = {isa = PBXFileReference; lastKnownFileType = sourcecode.swift; path = ShortDramaVideoPage.swift; sourceTree = "<group>"; };
			B10409 /* ShortDramaActionRail.swift */ = {isa = PBXFileReference; lastKnownFileType = sourcecode.swift; path = ShortDramaActionRail.swift; sourceTree = "<group>"; };
			B10410 /* ShortDramaCommentsSheet.swift */ = {isa = PBXFileReference; lastKnownFileType = sourcecode.swift; path = ShortDramaCommentsSheet.swift; sourceTree = "<group>"; };
			B10411 /* ShortDramaSeriesListView.swift */ = {isa = PBXFileReference; lastKnownFileType = sourcecode.swift; path = ShortDramaSeriesListView.swift; sourceTree = "<group>"; };
			B10412 /* ShortDramaUnifiedEditorView.swift */ = {isa = PBXFileReference; lastKnownFileType = sourcecode.swift; path = ShortDramaUnifiedEditorView.swift; sourceTree = "<group>"; };
			B10500 /* DynamicConfigModels.swift */ = {isa = PBXFileReference; lastKnownFileType = sourcecode.swift; path = DynamicConfigModels.swift; sourceTree = "<group>"; };
			B10501 /* AppRemoteConfigStore.swift */ = {isa = PBXFileReference; lastKnownFileType = sourcecode.swift; path = AppRemoteConfigStore.swift; sourceTree = "<group>"; };
			B10502 /* RemoteAssetManager.swift */ = {isa = PBXFileReference; lastKnownFileType = sourcecode.swift; path = RemoteAssetManager.swift; sourceTree = "<group>"; };
			B10503 /* DynamicScreenStore.swift */ = {isa = PBXFileReference; lastKnownFileType = sourcecode.swift; path = DynamicScreenStore.swift; sourceTree = "<group>"; };
			B10504 /* DynamicRouteHandler.swift */ = {isa = PBXFileReference; lastKnownFileType = sourcecode.swift; path = DynamicRouteHandler.swift; sourceTree = "<group>"; };
			B10505 /* DynamicScreenView.swift */ = {isa = PBXFileReference; lastKnownFileType = sourcecode.swift; path = DynamicScreenView.swift; sourceTree = "<group>"; };
			B10506 /* InAppWebView.swift */ = {isa = PBXFileReference; lastKnownFileType = sourcecode.swift; path = Web/InAppWebView.swift; sourceTree = "<group>"; };
			B10508 /* Sticker.swift */ = {isa = PBXFileReference; lastKnownFileType = sourcecode.swift; path = Sticker.swift; sourceTree = "<group>"; };
			B10509 /* StickerViews.swift */ = {isa = PBXFileReference; lastKnownFileType = sourcecode.swift; path = StickerViews.swift; sourceTree = "<group>"; };
			B10510 /* GameCenter.swift */ = {isa = PBXFileReference; lastKnownFileType = sourcecode.swift; path = GameCenter.swift; sourceTree = "<group>"; };
		B10511 /* GameCenterView.swift */ = {isa = PBXFileReference; lastKnownFileType = sourcecode.swift; path = GameCenterView.swift; sourceTree = "<group>"; };
		B10610 /* CacheRepository.swift */ = {isa = PBXFileReference; lastKnownFileType = sourcecode.swift; path = CacheRepository.swift; sourceTree = "<group>"; };
		B10611 /* MediaCacheManager.swift */ = {isa = PBXFileReference; lastKnownFileType = sourcecode.swift; path = MediaCacheManager.swift; sourceTree = "<group>"; };
		B10600 /* GameCenterTests.swift */ = {isa = PBXFileReference; lastKnownFileType = sourcecode.swift; path = GameCenterTests.swift; sourceTree = "<group>"; };
		B10601 /* ShortDramaPlaybackTests.swift */ = {isa = PBXFileReference; lastKnownFileType = sourcecode.swift; path = ShortDramaPlaybackTests.swift; sourceTree = "<group>"; };
		B10613 /* StickerPickerTests.swift */ = {isa = PBXFileReference; lastKnownFileType = sourcecode.swift; path = StickerPickerTests.swift; sourceTree = "<group>"; };
		B10614 /* MomentsFollowingFeedTests.swift */ = {isa = PBXFileReference; lastKnownFileType = sourcecode.swift; path = MomentsFollowingFeedTests.swift; sourceTree = "<group>"; };
		B10615 /* AuthSessionTests.swift */ = {isa = PBXFileReference; lastKnownFileType = sourcecode.swift; path = AuthSessionTests.swift; sourceTree = "<group>"; };
		B10616 /* MapDatingResponseTests.swift */ = {isa = PBXFileReference; lastKnownFileType = sourcecode.swift; path = MapDatingResponseTests.swift; sourceTree = "<group>"; };
		B10617 /* APIResponseContractTests.swift */ = {isa = PBXFileReference; lastKnownFileType = sourcecode.swift; path = APIResponseContractTests.swift; sourceTree = "<group>"; };
		B10622 /* AdRewardService.swift */ = {isa = PBXFileReference; lastKnownFileType = sourcecode.swift; path = AdRewardService.swift; sourceTree = "<group>"; };
		B10700 /* InteractiveScript.swift */ = {isa = PBXFileReference; lastKnownFileType = sourcecode.swift; path = InteractiveScript.swift; sourceTree = "<group>"; };
		B10701 /* InteractiveScriptViewModels.swift */ = {isa = PBXFileReference; lastKnownFileType = sourcecode.swift; path = InteractiveScriptViewModels.swift; sourceTree = "<group>"; };
		B10702 /* ScriptCenterView.swift */ = {isa = PBXFileReference; lastKnownFileType = sourcecode.swift; path = ScriptCenterView.swift; sourceTree = "<group>"; };
		B10703 /* ScriptDetailView.swift */ = {isa = PBXFileReference; lastKnownFileType = sourcecode.swift; path = ScriptDetailView.swift; sourceTree = "<group>"; };
		B10704 /* ScriptEditorView.swift */ = {isa = PBXFileReference; lastKnownFileType = sourcecode.swift; path = ScriptEditorView.swift; sourceTree = "<group>"; };
		B10705 /* ScriptRoleEditorView.swift */ = {isa = PBXFileReference; lastKnownFileType = sourcecode.swift; path = ScriptRoleEditorView.swift; sourceTree = "<group>"; };
		B10706 /* ScriptRoomChatView.swift */ = {isa = PBXFileReference; lastKnownFileType = sourcecode.swift; path = ScriptRoomChatView.swift; sourceTree = "<group>"; };
		B10710 /* InteractiveScriptContractTests.swift */ = {isa = PBXFileReference; lastKnownFileType = sourcecode.swift; path = InteractiveScriptContractTests.swift; sourceTree = "<group>"; };
		B10711 /* ConversationListActionTests.swift */ = {isa = PBXFileReference; lastKnownFileType = sourcecode.swift; path = ConversationListActionTests.swift; sourceTree = "<group>"; };
		B10900 /* AgentModels.swift */ = {isa = PBXFileReference; lastKnownFileType = sourcecode.swift; path = AgentModels.swift; sourceTree = "<group>"; };
		B10901 /* AgentCatalogViewModel.swift */ = {isa = PBXFileReference; lastKnownFileType = sourcecode.swift; path = AgentCatalogViewModel.swift; sourceTree = "<group>"; };
		B10902 /* AgentChatViewModel.swift */ = {isa = PBXFileReference; lastKnownFileType = sourcecode.swift; path = AgentChatViewModel.swift; sourceTree = "<group>"; };
		B10903 /* AgentHubView.swift */ = {isa = PBXFileReference; lastKnownFileType = sourcecode.swift; path = AgentHubView.swift; sourceTree = "<group>"; };
		B10904 /* AgentChatView.swift */ = {isa = PBXFileReference; lastKnownFileType = sourcecode.swift; path = AgentChatView.swift; sourceTree = "<group>"; };
		B10905 /* AgentMessageView.swift */ = {isa = PBXFileReference; lastKnownFileType = sourcecode.swift; path = AgentMessageView.swift; sourceTree = "<group>"; };
		B10906 /* AgentCreatorViewModel.swift */ = {isa = PBXFileReference; lastKnownFileType = sourcecode.swift; path = AgentCreatorViewModel.swift; sourceTree = "<group>"; };
		B10907 /* AgentCreatorView.swift */ = {isa = PBXFileReference; lastKnownFileType = sourcecode.swift; path = AgentCreatorView.swift; sourceTree = "<group>"; };
			PR10001 /* BBchat.app */ = {isa = PBXFileReference; explicitFileType = wrapper.application; includeInIndex = 0; path = BBchat.app; sourceTree = BUILT_PRODUCTS_DIR; };
		PR10002 /* BWChatNotificationService.appex */ = {isa = PBXFileReference; explicitFileType = "wrapper.app-extension"; includeInIndex = 0; path = BWChatNotificationService.appex; sourceTree = BUILT_PRODUCTS_DIR; };
		PR10003 /* BWChatTests.xctest */ = {isa = PBXFileReference; explicitFileType = wrapper.cfbundle; includeInIndex = 0; path = BWChatTests.xctest; sourceTree = BUILT_PRODUCTS_DIR; };
/* End PBXFileReference section */

/* Begin PBXFrameworksBuildPhase section */
		F10001 /* Frameworks */ = {
			isa = PBXFrameworksBuildPhase;
			buildActionMask = 2147483647;
			files = (
				A10620 /* GoogleMobileAds in Frameworks */,
				A10621 /* GoogleUserMessagingPlatform in Frameworks */,
				A10097 /* LiveKit in Frameworks */,
				A10108 /* libsqlite3.tbd in Frameworks */,
			);
			runOnlyForDeploymentPostprocessing = 0;
		};
		F10002 /* Frameworks */ = {
			isa = PBXFrameworksBuildPhase;
			buildActionMask = 2147483647;
			files = (
			);
			runOnlyForDeploymentPostprocessing = 0;
		};
		F10003 /* Frameworks */ = {
			isa = PBXFrameworksBuildPhase;
			buildActionMask = 2147483647;
			files = (
			);
			runOnlyForDeploymentPostprocessing = 0;
		};
/* End PBXFrameworksBuildPhase section */

/* Begin PBXGroup section */
		G10000 = {
			isa = PBXGroup;
			children = (
				G10001 /* BWChat */,
				G10009 /* BWChatNotificationService */,
				G10011 /* BWChatTests */,
				G10010 /* Products */,
				B10108 /* libsqlite3.tbd */,
			);
			sourceTree = "<group>";
		};
		G10001 /* BWChat */ = {
			isa = PBXGroup;
			children = (
				B10001 /* BWChatApp.swift */,
				B10026 /* Info.plist */,
				B10320 /* InfoPlist.strings */,
				B10027 /* BWChat.entitlements */,
				B10300 /* Localizable.strings */,
				B10025 /* Assets.xcassets */,
				G10002 /* Models */,
				G10003 /* ViewModels */,
				G10004 /* Views */,
				G10005 /* Services */,
				G10006 /* Managers */,
				G10007 /* Components */,
				G10008 /* Utils */,
			);
			path = BWChat;
			sourceTree = "<group>";
		};
		G10002 /* Models */ = {
			isa = PBXGroup;
			children = (
				B10002 /* User.swift */,
				B10003 /* Message.swift */,
				B11000 /* ChatMoney.swift */,
				B10004 /* Contact.swift */,
				B10040 /* Group.swift */,
				B10041 /* FriendRequest.swift */,
				B10090 /* Call.swift */,
				B10100 /* Conversation.swift */,
				B10101 /* Moment.swift */,
					B10210 /* Gift.swift */,
					B10220 /* MapDating.swift */,
					B10341 /* DiscoverConfig.swift */,
					B10400 /* Follow.swift */,
					B10401 /* ShortDrama.swift */,
					B10500 /* DynamicConfigModels.swift */,
					B10508 /* Sticker.swift */,
					B10510 /* GameCenter.swift */,
					B10700 /* InteractiveScript.swift */,
					B10900 /* AgentModels.swift */,
				);
				path = Models;
				sourceTree = "<group>";
			};
		G10003 /* ViewModels */ = {
			isa = PBXGroup;
			children = (
				B10005 /* AuthViewModel.swift */,
				B10006 /* ChatViewModel.swift */,
				B10007 /* ContactsViewModel.swift */,
				B10042 /* FriendsViewModel.swift */,
				B10043 /* GroupsViewModel.swift */,
				B10044 /* GroupChatViewModel.swift */,
					B10072 /* ProfileViewModel.swift */,
					B10102 /* ConversationListViewModel.swift */,
					B10103 /* MomentsViewModel.swift */,
					B10221 /* MapDatingViewModel.swift */,
					B10402 /* FollowListViewModel.swift */,
					B10403 /* UserProfileViewModel.swift */,
					B10404 /* ShortDramaFeedViewModel.swift */,
					B10701 /* InteractiveScriptViewModels.swift */,
					B10901 /* AgentCatalogViewModel.swift */,
					B10902 /* AgentChatViewModel.swift */,
					B10906 /* AgentCreatorViewModel.swift */,
				);
				path = ViewModels;
				sourceTree = "<group>";
			};
		G10004 /* Views */ = {
			isa = PBXGroup;
			children = (
				B10008 /* SplashScreen.swift */,
				B10009 /* LoginView.swift */,
				B10200 /* RegisterView.swift */,
				B10010 /* ContactListView.swift */,
				B10011 /* ChatView.swift */,
				B10012 /* MessageBubble.swift */,
				B10013 /* ImagePreviewView.swift */,
				B10045 /* AddFriendView.swift */,
				B10046 /* FriendRequestsView.swift */,
				B10047 /* CreateGroupView.swift */,
				B10048 /* GroupChatView.swift */,
				B10061 /* AddGroupMembersView.swift */,
				B10062 /* GroupDetailView.swift */,
				B10049 /* MainTabView.swift */,
				B10050 /* VideoPlayerView.swift */,
				B10070 /* ProfileView.swift */,
				B10111 /* WalletView.swift */,
				B10118 /* ChatBackgroundSettingsView.swift */,
				B10071 /* EditProfileView.swift */,
				B10092 /* CallView.swift */,
				B10096 /* GroupCallView.swift */,
				B10104 /* MomentsView.swift */,
					B10105 /* CreateMomentView.swift */,
					B10106 /* DiscoverView.swift */,
					B10222 /* MapDatingView.swift */,
					B10405 /* FollowListViews.swift */,
					B10406 /* UserProfileView.swift */,
					B10407 /* ShortDramaFeedView.swift */,
					B10408 /* ShortDramaVideoPage.swift */,
					B10409 /* ShortDramaActionRail.swift */,
					B10410 /* ShortDramaCommentsSheet.swift */,
					B10411 /* ShortDramaSeriesListView.swift */,
					B10412 /* ShortDramaUnifiedEditorView.swift */,
					B10505 /* DynamicScreenView.swift */,
					B10506 /* InAppWebView.swift */,
					B10511 /* GameCenterView.swift */,
					B10702 /* ScriptCenterView.swift */,
					B10703 /* ScriptDetailView.swift */,
					B10704 /* ScriptEditorView.swift */,
					B10705 /* ScriptRoleEditorView.swift */,
					B10706 /* ScriptRoomChatView.swift */,
					B10903 /* AgentHubView.swift */,
					B10904 /* AgentChatView.swift */,
					B10905 /* AgentMessageView.swift */,
					B10907 /* AgentCreatorView.swift */,
				);
				path = Views;
				sourceTree = "<group>";
			};
		G10005 /* Services */ = {
			isa = PBXGroup;
			children = (
				B10014 /* APIService.swift */,
				B11001 /* ChatMoneyStore.swift */,
				B10800 /* BackgroundUploadCoordinator.swift */,
				B10015 /* WebSocketService.swift */,
				B10016 /* PushService.swift */,
				B10107 /* MessageStore.swift */,
				B10109 /* MediaLibrarySaver.swift */,
				B10117 /* ChatAppearanceStore.swift */,
				B10119 /* WalletStore.swift */,
				B10501 /* AppRemoteConfigStore.swift */,
				B10502 /* RemoteAssetManager.swift */,
				B10503 /* DynamicScreenStore.swift */,
				B10504 /* DynamicRouteHandler.swift */,
				B10610 /* CacheRepository.swift */,
				B10622 /* AdRewardService.swift */,
			);
			path = Services;
			sourceTree = "<group>";
		};
		G10006 /* Managers */ = {
			isa = PBXGroup;
			children = (
				B10017 /* AuthManager.swift */,
				B10018 /* ImageCacheManager.swift */,
				B10073 /* UserCacheManager.swift */,
				B10091 /* CallManager.swift */,
				B10340 /* AppLanguageStore.swift */,
				B10611 /* MediaCacheManager.swift */,
			);
			path = Managers;
			sourceTree = "<group>";
		};
		G10007 /* Components */ = {
			isa = PBXGroup;
			children = (
				B10019 /* AvatarView.swift */,
				B10230 /* RootTabTitle.swift */,
				B10020 /* LoadingView.swift */,
				B10021 /* ToastView.swift */,
				B10060 /* VideoThumbnailView.swift */,
				B10080 /* MediaPickerPreview.swift */,
				B10093 /* MentionPickerView.swift */,
				B10094 /* ReplyPreviewBar.swift */,
				B10211 /* GiftViews.swift */,
				B11002 /* ChatMoneyViews.swift */,
				B11003 /* ChatMoneyComposerViews.swift */,
				B11004 /* ChatMoneyDetailViews.swift */,
				B10509 /* StickerViews.swift */,
			);
			path = Components;
			sourceTree = "<group>";
		};
		G10008 /* Utils */ = {
			isa = PBXGroup;
			children = (
				B10022 /* Constants.swift */,
				B10023 /* Extensions.swift */,
				B10110 /* UIKitNav.swift */,
				B10024 /* KeychainHelper.swift */,
				B10116 /* LocalCache.swift */,
			);
			path = Utils;
			sourceTree = "<group>";
		};
		G10009 /* BWChatNotificationService */ = {
			isa = PBXGroup;
			children = (
				B10030 /* NotificationService.swift */,
				B10031 /* Info.plist */,
				B10032 /* BWChatNotificationService.entitlements */,
			);
			path = BWChatNotificationService;
			sourceTree = "<group>";
		};
		G10010 /* Products */ = {
			isa = PBXGroup;
			children = (
				PR10001 /* BBchat.app */,
				PR10002 /* BWChatNotificationService.appex */,
				PR10003 /* BWChatTests.xctest */,
			);
			name = Products;
			sourceTree = "<group>";
		};
		G10011 /* BWChatTests */ = {
			isa = PBXGroup;
			children = (
				B10600 /* GameCenterTests.swift */,
				B10601 /* ShortDramaPlaybackTests.swift */,
				B10613 /* StickerPickerTests.swift */,
				B10614 /* MomentsFollowingFeedTests.swift */,
				B10615 /* AuthSessionTests.swift */,
				B10616 /* MapDatingResponseTests.swift */,
				B10617 /* APIResponseContractTests.swift */,
				B10710 /* InteractiveScriptContractTests.swift */,
				B10711 /* ConversationListActionTests.swift */,
			);
			path = BWChatTests;
			sourceTree = "<group>";
		};
/* End PBXGroup section */

/* Begin PBXNativeTarget section */
		T10001 /* BWChat */ = {
			isa = PBXNativeTarget;
			buildConfigurationList = CL10001 /* Build configuration list for PBXNativeTarget "BWChat" */;
			buildPhases = (
				S10001 /* Sources */,
				F10001 /* Frameworks */,
				R10001 /* Resources */,
				CP10001 /* Embed App Extensions */,
			);
			buildRules = (
			);
			dependencies = (
				D10001 /* PBXTargetDependency */,
			);
			name = BWChat;
			packageProductDependencies = (
				PKG10001 /* LiveKit */,
				PKG10002 /* GoogleMobileAds */,
				PKG10003 /* GoogleUserMessagingPlatform */,
			);
			productName = BBchat;
			productReference = PR10001 /* BBchat.app */;
			productType = "com.apple.product-type.application";
		};
		T10002 /* BWChatNotificationService */ = {
			isa = PBXNativeTarget;
			buildConfigurationList = CL10002 /* Build configuration list for PBXNativeTarget "BWChatNotificationService" */;
			buildPhases = (
				S10002 /* Sources */,
				F10002 /* Frameworks */,
			);
			buildRules = (
			);
			dependencies = (
			);
			name = BWChatNotificationService;
			productName = BWChatNotificationService;
			productReference = PR10002 /* BWChatNotificationService.appex */;
			productType = "com.apple.product-type.app-extension";
		};
		T10003 /* BWChatTests */ = {
			isa = PBXNativeTarget;
			buildConfigurationList = CL10003 /* Build configuration list for PBXNativeTarget "BWChatTests" */;
			buildPhases = (
				S10003 /* Sources */,
				F10003 /* Frameworks */,
			);
			buildRules = (
			);
			dependencies = (
				D10002 /* PBXTargetDependency */,
			);
			name = BWChatTests;
			productName = BWChatTests;
			productReference = PR10003 /* BWChatTests.xctest */;
			productType = "com.apple.product-type.bundle.unit-test";
		};
/* End PBXNativeTarget section */

/* Begin PBXProject section */
		P10001 /* Project object */ = {
			isa = PBXProject;
			attributes = {
				BuildIndependentTargetsInParallel = 1;
				LastSwiftUpdateCheck = 1520;
				LastUpgradeCheck = 1520;
				TargetAttributes = {
					T10001 = {
						CreatedOnToolsVersion = 15.2;
					};
					T10002 = {
						CreatedOnToolsVersion = 15.2;
					};
					T10003 = {
						CreatedOnToolsVersion = 15.2;
						TestTargetID = T10001;
					};
				};
			};
			buildConfigurationList = CL10000 /* Build configuration list for PBXProject "BWChat" */;
			compatibilityVersion = "Xcode 14.0";
			developmentRegion = en;
			hasScannedForEncodings = 0;
			knownRegions = (
				en,
				Base,
				"zh-Hans",
				ja,
				ko,
				es,
				fr,
				de,
				"pt-BR",
				ru,
				"zh-Hant",
			);
			mainGroup = G10000;
			packageReferences = (
				SPKG10001 /* XCRemoteSwiftPackageReference "client-sdk-swift" */,
				SPKG10002 /* XCRemoteSwiftPackageReference "swift-protobuf" */,
				SPKG10003 /* XCRemoteSwiftPackageReference "swift-package-manager-google-mobile-ads" */,
				SPKG10004 /* XCRemoteSwiftPackageReference "swift-package-manager-google-user-messaging-platform" */,
			);
			productRefGroup = G10010 /* Products */;
			projectDirPath = "";
			projectRoot = "";
			targets = (
				T10001 /* BWChat */,
				T10002 /* BWChatNotificationService */,
				T10003 /* BWChatTests */,
			);
		};
/* End PBXProject section */

/* Begin PBXResourcesBuildPhase section */
		R10001 /* Resources */ = {
			isa = PBXResourcesBuildPhase;
			buildActionMask = 2147483647;
			files = (
				A10025 /* Assets.xcassets in Resources */,
				A10300 /* Localizable.strings in Resources */,
				A10301 /* InfoPlist.strings in Resources */,
			);
			runOnlyForDeploymentPostprocessing = 0;
		};
/* End PBXResourcesBuildPhase section */

/* Begin PBXSourcesBuildPhase section */
		S10001 /* Sources */ = {
			isa = PBXSourcesBuildPhase;
			buildActionMask = 2147483647;
			files = (
				A10001 /* BWChatApp.swift in Sources */,
				A10002 /* User.swift in Sources */,
				A10003 /* Message.swift in Sources */,
				A11000 /* ChatMoney.swift in Sources */,
				A11001 /* ChatMoneyStore.swift in Sources */,
				A11002 /* ChatMoneyViews.swift in Sources */,
				A11003 /* ChatMoneyComposerViews.swift in Sources */,
				A11004 /* ChatMoneyDetailViews.swift in Sources */,
				A10107 /* MessageStore.swift in Sources */,
				A10004 /* Contact.swift in Sources */,
				A10005 /* AuthViewModel.swift in Sources */,
				A10006 /* ChatViewModel.swift in Sources */,
				A10007 /* ContactsViewModel.swift in Sources */,
				A10008 /* SplashScreen.swift in Sources */,
				A10009 /* LoginView.swift in Sources */,
				A10200 /* RegisterView.swift in Sources */,
				A10010 /* ContactListView.swift in Sources */,
				A10011 /* ChatView.swift in Sources */,
				A10012 /* MessageBubble.swift in Sources */,
				A10013 /* ImagePreviewView.swift in Sources */,
				A10014 /* APIService.swift in Sources */,
				A10015 /* WebSocketService.swift in Sources */,
				A10016 /* PushService.swift in Sources */,
				A10800 /* BackgroundUploadCoordinator.swift in Sources */,
				A10017 /* AuthManager.swift in Sources */,
				A10018 /* ImageCacheManager.swift in Sources */,
				A10073 /* UserCacheManager.swift in Sources */,
				A10019 /* AvatarView.swift in Sources */,
				A10230 /* RootTabTitle.swift in Sources */,
				A10020 /* LoadingView.swift in Sources */,
				A10021 /* ToastView.swift in Sources */,
				A10022 /* Constants.swift in Sources */,
				A10023 /* Extensions.swift in Sources */,
				A10110 /* UIKitNav.swift in Sources */,
				A10111 /* WalletView.swift in Sources */,
				A10900 /* AgentModels.swift in Sources */,
				A10901 /* AgentCatalogViewModel.swift in Sources */,
				A10902 /* AgentChatViewModel.swift in Sources */,
				A10903 /* AgentHubView.swift in Sources */,
				A10904 /* AgentChatView.swift in Sources */,
				A10905 /* AgentMessageView.swift in Sources */,
				A10906 /* AgentCreatorViewModel.swift in Sources */,
				A10907 /* AgentCreatorView.swift in Sources */,
				A10117 /* ChatAppearanceStore.swift in Sources */,
				A10118 /* ChatBackgroundSettingsView.swift in Sources */,
				A10119 /* WalletStore.swift in Sources */,
				A10024 /* KeychainHelper.swift in Sources */,
				A10116 /* LocalCache.swift in Sources */,
				A10040 /* Group.swift in Sources */,
				A10041 /* FriendRequest.swift in Sources */,
				A10042 /* FriendsViewModel.swift in Sources */,
				A10043 /* GroupsViewModel.swift in Sources */,
				A10044 /* GroupChatViewModel.swift in Sources */,
				A10045 /* AddFriendView.swift in Sources */,
				A10046 /* FriendRequestsView.swift in Sources */,
				A10047 /* CreateGroupView.swift in Sources */,
				A10048 /* GroupChatView.swift in Sources */,
				A10049 /* MainTabView.swift in Sources */,
				A10050 /* VideoPlayerView.swift in Sources */,
				A10060 /* VideoThumbnailView.swift in Sources */,
				A10080 /* MediaPickerPreview.swift in Sources */,
				A10061 /* AddGroupMembersView.swift in Sources */,
				A10062 /* GroupDetailView.swift in Sources */,
				A10070 /* ProfileView.swift in Sources */,
				A10071 /* EditProfileView.swift in Sources */,
				A10072 /* ProfileViewModel.swift in Sources */,
				A10090 /* Call.swift in Sources */,
				A10091 /* CallManager.swift in Sources */,
				A10092 /* CallView.swift in Sources */,
				A10093 /* MentionPickerView.swift in Sources */,
				A10094 /* ReplyPreviewBar.swift in Sources */,
				A10096 /* GroupCallView.swift in Sources */,
				A10100 /* Conversation.swift in Sources */,
				A10101 /* Moment.swift in Sources */,
				A10102 /* ConversationListViewModel.swift in Sources */,
				A10103 /* MomentsViewModel.swift in Sources */,
				A10104 /* MomentsView.swift in Sources */,
				A10105 /* CreateMomentView.swift in Sources */,
				A10106 /* DiscoverView.swift in Sources */,
				A10109 /* MediaLibrarySaver.swift in Sources */,
				A10210 /* Gift.swift in Sources */,
				A10211 /* GiftViews.swift in Sources */,
				A10220 /* MapDating.swift in Sources */,
				A10221 /* MapDatingViewModel.swift in Sources */,
					A10222 /* MapDatingView.swift in Sources */,
					A10302 /* AppLanguageStore.swift in Sources */,
					A10341 /* DiscoverConfig.swift in Sources */,
					A10400 /* Follow.swift in Sources */,
					A10401 /* ShortDrama.swift in Sources */,
					A10402 /* FollowListViewModel.swift in Sources */,
					A10403 /* UserProfileViewModel.swift in Sources */,
					A10404 /* ShortDramaFeedViewModel.swift in Sources */,
					A10405 /* FollowListViews.swift in Sources */,
					A10406 /* UserProfileView.swift in Sources */,
					A10407 /* ShortDramaFeedView.swift in Sources */,
					A10408 /* ShortDramaVideoPage.swift in Sources */,
					A10409 /* ShortDramaActionRail.swift in Sources */,
					A10410 /* ShortDramaCommentsSheet.swift in Sources */,
					A10411 /* ShortDramaSeriesListView.swift in Sources */,
					A10412 /* ShortDramaUnifiedEditorView.swift in Sources */,
					A10500 /* DynamicConfigModels.swift in Sources */,
					A10501 /* AppRemoteConfigStore.swift in Sources */,
					A10502 /* RemoteAssetManager.swift in Sources */,
					A10503 /* DynamicScreenStore.swift in Sources */,
					A10504 /* DynamicRouteHandler.swift in Sources */,
					A10505 /* DynamicScreenView.swift in Sources */,
					A10506 /* InAppWebView.swift in Sources */,
					A10508 /* Sticker.swift in Sources */,
					A10509 /* StickerViews.swift in Sources */,
					A10510 /* GameCenter.swift in Sources */,
					A10511 /* GameCenterView.swift in Sources */,
					A10610 /* CacheRepository.swift in Sources */,
					A10611 /* MediaCacheManager.swift in Sources */,
					A10622 /* AdRewardService.swift in Sources */,
					A10700 /* InteractiveScript.swift in Sources */,
					A10701 /* InteractiveScriptViewModels.swift in Sources */,
					A10702 /* ScriptCenterView.swift in Sources */,
					A10703 /* ScriptDetailView.swift in Sources */,
					A10704 /* ScriptEditorView.swift in Sources */,
					A10705 /* ScriptRoleEditorView.swift in Sources */,
					A10706 /* ScriptRoomChatView.swift in Sources */,
				);
				runOnlyForDeploymentPostprocessing = 0;
			};
		S10002 /* Sources */ = {
			isa = PBXSourcesBuildPhase;
			buildActionMask = 2147483647;
			files = (
				A10030 /* NotificationService.swift in Sources */,
			);
			runOnlyForDeploymentPostprocessing = 0;
		};
		S10003 /* Sources */ = {
			isa = PBXSourcesBuildPhase;
			buildActionMask = 2147483647;
			files = (
				A10600 /* GameCenterTests.swift in Sources */,
				A10601 /* ShortDramaPlaybackTests.swift in Sources */,
				A10613 /* StickerPickerTests.swift in Sources */,
				A10614 /* MomentsFollowingFeedTests.swift in Sources */,
				A10615 /* AuthSessionTests.swift in Sources */,
				A10616 /* MapDatingResponseTests.swift in Sources */,
				A10617 /* APIResponseContractTests.swift in Sources */,
				A10710 /* InteractiveScriptContractTests.swift in Sources */,
				A10711 /* ConversationListActionTests.swift in Sources */,
			);
			runOnlyForDeploymentPostprocessing = 0;
		};
/* End PBXSourcesBuildPhase section */

/* Begin PBXTargetDependency section */
		D10001 /* PBXTargetDependency */ = {
			isa = PBXTargetDependency;
			target = T10002 /* BWChatNotificationService */;
			targetProxy = C10001 /* PBXContainerItemProxy */;
		};
		D10002 /* PBXTargetDependency */ = {
			isa = PBXTargetDependency;
			target = T10001 /* BWChat */;
			targetProxy = C10002 /* PBXContainerItemProxy */;
		};
/* End PBXTargetDependency section */

/* Begin PBXVariantGroup section */
		B10300 /* Localizable.strings */ = {
			isa = PBXVariantGroup;
			children = (
				B10301 /* en */,
				B10302 /* ja */,
				B10303 /* ko */,
				B10304 /* es */,
				B10305 /* fr */,
				B10306 /* de */,
				B10307 /* pt-BR */,
				B10308 /* ru */,
				B10309 /* zh-Hans */,
				B10310 /* zh-Hant */,
			);
			name = Localizable.strings;
			sourceTree = "<group>";
		};
		B10320 /* InfoPlist.strings */ = {
			isa = PBXVariantGroup;
			children = (
				B10321 /* en */,
				B10322 /* ja */,
				B10323 /* ko */,
				B10324 /* es */,
				B10325 /* fr */,
				B10326 /* de */,
				B10327 /* pt-BR */,
				B10328 /* ru */,
				B10329 /* zh-Hans */,
				B10330 /* zh-Hant */,
			);
			name = InfoPlist.strings;
			sourceTree = "<group>";
		};
/* End PBXVariantGroup section */

/* Begin XCBuildConfiguration section */
		BC10001 /* Debug */ = {
			isa = XCBuildConfiguration;
			buildSettings = {
				ALWAYS_SEARCH_USER_PATHS = NO;
				ASSETCATALOG_COMPILER_GENERATE_SWIFT_ASSET_SYMBOL_EXTENSIONS = YES;
				CLANG_ANALYZER_NONNULL = YES;
				CLANG_CXX_LANGUAGE_STANDARD = "gnu++20";
				CLANG_ENABLE_MODULES = YES;
				CLANG_ENABLE_OBJC_ARC = YES;
				COPY_PHASE_STRIP = NO;
				DEBUG_INFORMATION_FORMAT = dwarf;
				ENABLE_STRICT_OBJC_MSGSEND = YES;
				ENABLE_TESTABILITY = YES;
				ENABLE_USER_SCRIPT_SANDBOXING = YES;
				GCC_C_LANGUAGE_STANDARD = gnu17;
				GCC_DYNAMIC_NO_PIC = NO;
				GCC_OPTIMIZATION_LEVEL = 0;
				GCC_PREPROCESSOR_DEFINITIONS = (
					"DEBUG=1",
					"$(inherited)",
				);
				GCC_WARN_ABOUT_RETURN_TYPE = YES_ERROR;
				GCC_WARN_UNINITIALIZED_AUTOS = YES_AGGRESSIVE;
				IPHONEOS_DEPLOYMENT_TARGET = 16.0;
				MTL_ENABLE_DEBUG_INFO = INCLUDE_SOURCE;
				ONLY_ACTIVE_ARCH = YES;
				SDKROOT = iphoneos;
				SWIFT_ACTIVE_COMPILATION_CONDITIONS = "$(inherited) DEBUG";
				SWIFT_OPTIMIZATION_LEVEL = "-Onone";
			};
			name = Debug;
		};
		BC10002 /* Release */ = {
			isa = XCBuildConfiguration;
			buildSettings = {
				ALWAYS_SEARCH_USER_PATHS = NO;
				ASSETCATALOG_COMPILER_GENERATE_SWIFT_ASSET_SYMBOL_EXTENSIONS = YES;
				CLANG_ANALYZER_NONNULL = YES;
				CLANG_CXX_LANGUAGE_STANDARD = "gnu++20";
				CLANG_ENABLE_MODULES = YES;
				CLANG_ENABLE_OBJC_ARC = YES;
				COPY_PHASE_STRIP = NO;
				DEBUG_INFORMATION_FORMAT = "dwarf-with-dsym";
				ENABLE_NS_ASSERTIONS = NO;
				ENABLE_STRICT_OBJC_MSGSEND = YES;
				ENABLE_USER_SCRIPT_SANDBOXING = YES;
				GCC_C_LANGUAGE_STANDARD = gnu17;
				GCC_WARN_ABOUT_RETURN_TYPE = YES_ERROR;
				GCC_WARN_UNINITIALIZED_AUTOS = YES_AGGRESSIVE;
				IPHONEOS_DEPLOYMENT_TARGET = 16.0;
				MTL_ENABLE_DEBUG_INFO = NO;
				SDKROOT = iphoneos;
				SWIFT_COMPILATION_MODE = wholemodule;
				VALIDATE_PRODUCT = YES;
			};
			name = Release;
		};
		BC10003 /* Debug */ = {
			isa = XCBuildConfiguration;
			buildSettings = {
				ASSETCATALOG_COMPILER_APPICON_NAME = BBchatAppIcon;
				ASSETCATALOG_COMPILER_GLOBAL_ACCENT_COLOR_NAME = AccentColor;
				CODE_SIGN_ENTITLEMENTS = BWChat/BWChat.entitlements;
				CODE_SIGN_STYLE = Automatic;
				CURRENT_PROJECT_VERSION = 8;
				DEVELOPMENT_TEAM = A5U93R249R;
				GENERATE_INFOPLIST_FILE = NO;
				INFOPLIST_FILE = BWChat/Info.plist;
				INFOPLIST_KEY_CFBundleDisplayName = BBchat;
				INFOPLIST_KEY_UIApplicationSceneManifest_Generation = YES;
				INFOPLIST_KEY_UILaunchScreen_Generation = YES;
				INFOPLIST_KEY_UISupportedInterfaceOrientations = UIInterfaceOrientationPortrait;
				LD_RUNPATH_SEARCH_PATHS = (
					"$(inherited)",
					"@executable_path/Frameworks",
				);
				MARKETING_VERSION = 1.0.0;
				PRODUCT_BUNDLE_IDENTIFIER = com.bwchat.app;
				PRODUCT_NAME = BBchat;
				SWIFT_EMIT_LOC_STRINGS = YES;
				SWIFT_VERSION = 5.0;
				TARGETED_DEVICE_FAMILY = 1;
			};
			name = Debug;
		};
		BC10004 /* Release */ = {
			isa = XCBuildConfiguration;
			buildSettings = {
				ASSETCATALOG_COMPILER_APPICON_NAME = BBchatAppIcon;
				ASSETCATALOG_COMPILER_GLOBAL_ACCENT_COLOR_NAME = AccentColor;
				CODE_SIGN_ENTITLEMENTS = BWChat/BWChat.entitlements;
				CODE_SIGN_STYLE = Automatic;
				CURRENT_PROJECT_VERSION = 8;
				DEVELOPMENT_TEAM = A5U93R249R;
				GENERATE_INFOPLIST_FILE = NO;
				INFOPLIST_FILE = BWChat/Info.plist;
				INFOPLIST_KEY_CFBundleDisplayName = BBchat;
				INFOPLIST_KEY_UIApplicationSceneManifest_Generation = YES;
				INFOPLIST_KEY_UILaunchScreen_Generation = YES;
				INFOPLIST_KEY_UISupportedInterfaceOrientations = UIInterfaceOrientationPortrait;
				LD_RUNPATH_SEARCH_PATHS = (
					"$(inherited)",
					"@executable_path/Frameworks",
				);
				MARKETING_VERSION = 1.0.0;
				PRODUCT_BUNDLE_IDENTIFIER = com.bwchat.app;
				PRODUCT_NAME = BBchat;
				SWIFT_EMIT_LOC_STRINGS = YES;
				SWIFT_VERSION = 5.0;
				TARGETED_DEVICE_FAMILY = 1;
			};
			name = Release;
		};
		BC10005 /* Debug */ = {
			isa = XCBuildConfiguration;
			buildSettings = {
				CODE_SIGN_ENTITLEMENTS = BWChatNotificationService/BWChatNotificationService.entitlements;
				CODE_SIGN_STYLE = Automatic;
				CURRENT_PROJECT_VERSION = 8;
				DEVELOPMENT_TEAM = A5U93R249R;
				GENERATE_INFOPLIST_FILE = NO;
				INFOPLIST_FILE = BWChatNotificationService/Info.plist;
				INFOPLIST_KEY_CFBundleDisplayName = BWChatNotificationService;
				INFOPLIST_KEY_NSHumanReadableCopyright = "";
				LD_RUNPATH_SEARCH_PATHS = (
					"$(inherited)",
					"@executable_path/Frameworks",
					"@executable_path/../../Frameworks",
				);
				MARKETING_VERSION = 1.0.0;
				PRODUCT_BUNDLE_IDENTIFIER = com.bwchat.app.NotificationService;
				PRODUCT_NAME = "$(TARGET_NAME)";
				SKIP_INSTALL = YES;
				SWIFT_EMIT_LOC_STRINGS = YES;
				SWIFT_VERSION = 5.0;
				TARGETED_DEVICE_FAMILY = 1;
			};
			name = Debug;
		};
		BC10006 /* Release */ = {
			isa = XCBuildConfiguration;
			buildSettings = {
				CODE_SIGN_ENTITLEMENTS = BWChatNotificationService/BWChatNotificationService.entitlements;
				CODE_SIGN_STYLE = Automatic;
				CURRENT_PROJECT_VERSION = 8;
				DEVELOPMENT_TEAM = A5U93R249R;
				GENERATE_INFOPLIST_FILE = NO;
				INFOPLIST_FILE = BWChatNotificationService/Info.plist;
				INFOPLIST_KEY_CFBundleDisplayName = BWChatNotificationService;
				INFOPLIST_KEY_NSHumanReadableCopyright = "";
				LD_RUNPATH_SEARCH_PATHS = (
					"$(inherited)",
					"@executable_path/Frameworks",
					"@executable_path/../../Frameworks",
				);
				MARKETING_VERSION = 1.0.0;
				PRODUCT_BUNDLE_IDENTIFIER = com.bwchat.app.NotificationService;
				PRODUCT_NAME = "$(TARGET_NAME)";
				SKIP_INSTALL = YES;
				SWIFT_EMIT_LOC_STRINGS = YES;
				SWIFT_VERSION = 5.0;
				TARGETED_DEVICE_FAMILY = 1;
			};
			name = Release;
		};
		BC10007 /* Debug */ = {
			isa = XCBuildConfiguration;
			buildSettings = {
				BUNDLE_LOADER = "$(TEST_HOST)";
				CODE_SIGN_STYLE = Automatic;
				DEVELOPMENT_TEAM = A5U93R249R;
				GENERATE_INFOPLIST_FILE = YES;
				IPHONEOS_DEPLOYMENT_TARGET = 16.0;
				LD_RUNPATH_SEARCH_PATHS = (
					"$(inherited)",
					"@executable_path/Frameworks",
					"@loader_path/Frameworks",
				);
				PRODUCT_BUNDLE_IDENTIFIER = com.bwchat.appTests;
				PRODUCT_NAME = "$(TARGET_NAME)";
				SWIFT_VERSION = 5.0;
				TARGETED_DEVICE_FAMILY = 1;
				TEST_HOST = "$(BUILT_PRODUCTS_DIR)/BBchat.app/$(BUNDLE_EXECUTABLE_FOLDER_PATH)/BBchat";
			};
			name = Debug;
		};
		BC10008 /* Release */ = {
			isa = XCBuildConfiguration;
			buildSettings = {
				BUNDLE_LOADER = "$(TEST_HOST)";
				CODE_SIGN_STYLE = Automatic;
				DEVELOPMENT_TEAM = A5U93R249R;
				GENERATE_INFOPLIST_FILE = YES;
				IPHONEOS_DEPLOYMENT_TARGET = 16.0;
				LD_RUNPATH_SEARCH_PATHS = (
					"$(inherited)",
					"@executable_path/Frameworks",
					"@loader_path/Frameworks",
				);
				PRODUCT_BUNDLE_IDENTIFIER = com.bwchat.appTests;
				PRODUCT_NAME = "$(TARGET_NAME)";
				SWIFT_VERSION = 5.0;
				TARGETED_DEVICE_FAMILY = 1;
				TEST_HOST = "$(BUILT_PRODUCTS_DIR)/BBchat.app/$(BUNDLE_EXECUTABLE_FOLDER_PATH)/BBchat";
			};
			name = Release;
		};
/* End XCBuildConfiguration section */

/* Begin XCConfigurationList section */
		CL10000 /* Build configuration list for PBXProject "BWChat" */ = {
			isa = XCConfigurationList;
			buildConfigurations = (
				BC10001 /* Debug */,
				BC10002 /* Release */,
			);
			defaultConfigurationIsVisible = 0;
			defaultConfigurationName = Release;
		};
		CL10001 /* Build configuration list for PBXNativeTarget "BWChat" */ = {
			isa = XCConfigurationList;
			buildConfigurations = (
				BC10003 /* Debug */,
				BC10004 /* Release */,
			);
			defaultConfigurationIsVisible = 0;
			defaultConfigurationName = Release;
		};
		CL10002 /* Build configuration list for PBXNativeTarget "BWChatNotificationService" */ = {
			isa = XCConfigurationList;
			buildConfigurations = (
				BC10005 /* Debug */,
				BC10006 /* Release */,
			);
			defaultConfigurationIsVisible = 0;
			defaultConfigurationName = Release;
		};
		CL10003 /* Build configuration list for PBXNativeTarget "BWChatTests" */ = {
			isa = XCConfigurationList;
			buildConfigurations = (
				BC10007 /* Debug */,
				BC10008 /* Release */,
			);
			defaultConfigurationIsVisible = 0;
			defaultConfigurationName = Release;
		};
/* End XCConfigurationList section */

/* Begin XCRemoteSwiftPackageReference section */
		SPKG10001 /* XCRemoteSwiftPackageReference "client-sdk-swift" */ = {
			isa = XCRemoteSwiftPackageReference;
			repositoryURL = "https://github.com/livekit/client-sdk-swift.git";
			requirement = {
				kind = upToNextMajorVersion;
				minimumVersion = 2.0.0;
			};
		};
		SPKG10002 /* XCRemoteSwiftPackageReference "swift-protobuf" */ = {
			isa = XCRemoteSwiftPackageReference;
			repositoryURL = "https://github.com/apple/swift-protobuf.git";
			requirement = {
				kind = versionRange;
				maximumVersion = 1.36.0;
				minimumVersion = 1.28.0;
			};
		};
		SPKG10003 /* XCRemoteSwiftPackageReference "swift-package-manager-google-mobile-ads" */ = {
			isa = XCRemoteSwiftPackageReference;
			repositoryURL = "https://github.com/googleads/swift-package-manager-google-mobile-ads.git";
			requirement = {
				kind = upToNextMajorVersion;
				minimumVersion = 13.0.0;
			};
		};
		SPKG10004 /* XCRemoteSwiftPackageReference "swift-package-manager-google-user-messaging-platform" */ = {
			isa = XCRemoteSwiftPackageReference;
			repositoryURL = "https://github.com/googleads/swift-package-manager-google-user-messaging-platform.git";
			requirement = {
				kind = upToNextMajorVersion;
				minimumVersion = 3.0.0;
			};
		};
/* End XCRemoteSwiftPackageReference section */

/* Begin XCSwiftPackageProductDependency section */
		PKG10001 /* LiveKit */ = {
			isa = XCSwiftPackageProductDependency;
			package = SPKG10001 /* XCRemoteSwiftPackageReference "client-sdk-swift" */;
			productName = LiveKit;
		};
		PKG10002 /* GoogleMobileAds */ = {
			isa = XCSwiftPackageProductDependency;
			package = SPKG10003 /* XCRemoteSwiftPackageReference "swift-package-manager-google-mobile-ads" */;
			productName = GoogleMobileAds;
		};
		PKG10003 /* GoogleUserMessagingPlatform */ = {
			isa = XCSwiftPackageProductDependency;
			package = SPKG10004 /* XCRemoteSwiftPackageReference "swift-package-manager-google-user-messaging-platform" */;
			productName = GoogleUserMessagingPlatform;
		};
/* End XCSwiftPackageProductDependency section */
	};
	rootObject = P10001 /* Project object */;
}
